PODS:
  - DATAStack (3.1.2):
    - NSObject-HYPTesting (~> 1.2)
  - NSObject-HYPTesting (1.2)
  - NSString-HYPNetworking (0.3.2)

DEPENDENCIES:
  - DATAStack
  - NSString-HYPNetworking

SPEC CHECKSUMS:
  DATAStack: 931172971443d745b60a4b95adf50e0c8cfb9790
  NSObject-HYPTesting: fadde70c75061b731b313c390e20777aed0a914d
  NSString-HYPNetworking: f95766d4dc5693b45a0331ab8cf3a0b998f38cd7

COCOAPODS: 0.38.2
