PODS:
  - DATAStack (5.2.1)
  - NSEntityDescription-SYNCPrimaryKey (1.2.3):
    - NSString-HYPNetworking (~> 1.0.2)
  - NSManagedObject-HYPPropertyMapper (3.6.9):
    - NSEntityDescription-SYNCPrimaryKey (~> 1.2.3)
    - NSString-HYPNetworking (~> 1.0.2)
  - NSString-HYPNetworking (1.0.2)

DEPENDENCIES:
  - DATAStack
  - NSManagedObject-HYPPropertyMapper (from `.`)

EXTERNAL SOURCES:
  NSManagedObject-HYPPropertyMapper:
    :path: "."

SPEC CHECKSUMS:
  DATAStack: c6432c89d0bd2b1d2a17c947ca8a2c81f389f06d
  NSEntityDescription-SYNCPrimaryKey: 9dbb89d7cbc1bea196dd935725bfcf3c0ff4249c
  NSManagedObject-HYPPropertyMapper: 1a34418531715f01520eb32abcd2c183952ea630
  NSString-HYPNetworking: 7c18e44ca9529d2f74a30a1c2a7a787da76198c1

PODFILE CHECKSUM: 64fbb676c45c089f5aa7761100110e3462f645a6

COCOAPODS: 1.0.0
