PODS:
  - DATAStack (6.0.0)
  - DateParser (0.1.0)
  - NSEntityDescription-SYNCPrimaryKey (1.2.7):
    - NSString-HYPNetworking (~> 1.0.6)
  - NSManagedObject-HYPPropertyMapper (4.1.2):
    - DateParser (~> 0.1.0)
    - NSEntityDescription-SYNCPrimaryKey (~> 1.2.7)
  - NSString-HYPNetworking (1.0.6)

DEPENDENCIES:
  - DATAStack (~> 6)
  - NSManagedObject-HYPPropertyMapper (from `.`)

EXTERNAL SOURCES:
  NSManagedObject-HYPPropertyMapper:
    :path: "."

SPEC CHECKSUMS:
  DATAStack: 4cdf8e1b50f6d80c7d70f75e7a2c29545a008860
  DateParser: 6609ccde5a21650e2f61cea718a2e5c6c34ce4e8
  NSEntityDescription-SYNCPrimaryKey: c7942c62eb64691576451e1dc180e2067f0a5af8
  NSManagedObject-HYPPropertyMapper: 6d26449f1eac74f140906ba2eefebc359da65826
  NSString-HYPNetworking: 97eb879c5c43663dde06f89e01e8e1551a3f5bb7

PODFILE CHECKSUM: c813149079d34ea8cf7649f59d475d9fb42faa19

COCOAPODS: 1.1.0.rc.2
