PODS:
  - DATAStack (6.0.1)
  - DateParser (0.1.1)
  - NSEntityDescription-SYNCPrimaryKey (1.2.8):
    - NSString-HYPNetworking (~> 1.0.6)
  - NSManagedObject-HYPPropertyMapper (4.1.3):
    - DateParser (~> 0.1.1)
    - NSEntityDescription-SYNCPrimaryKey (~> 1.2.8)
  - NSString-HYPNetworking (1.0.6)

DEPENDENCIES:
  - DATAStack (~> 6)
  - NSManagedObject-HYPPropertyMapper (from `.`)

EXTERNAL SOURCES:
  NSManagedObject-HYPPropertyMapper:
    :path: "."

SPEC CHECKSUMS:
  DATAStack: 4138a30db76d535d04f9130847ac59748c6c16aa
  DateParser: 17a256f651c5dd754b83aca6ef5827d796a5f292
  NSEntityDescription-SYNCPrimaryKey: 6e0ca0958f7e05a15e2ed9317e5afeb75af6c782
  NSManagedObject-HYPPropertyMapper: b054e2b9c8be5bb24a7f6f1729395cdb5903171c
  NSString-HYPNetworking: 97eb879c5c43663dde06f89e01e8e1551a3f5bb7

PODFILE CHECKSUM: c813149079d34ea8cf7649f59d475d9fb42faa19

COCOAPODS: 1.1.0.rc.2
