// !$*UTF8*$!
{
	archiveVersion = 1;
	classes = {
	};
	objectVersion = 46;
	objects = {

/* Begin PBXBuildFile section */
		142C958B1DA4178F00F9F32F /* NSDate+Parser.m in Sources */ = {isa = PBXBuildFile; fileRef = 142C957E1DA4178F00F9F32F /* NSDate+Parser.m */; };
		142C958C1DA4178F00F9F32F /* NSEntityDescription+SYNCPrimaryKey.m in Sources */ = {isa = PBXBuildFile; fileRef = 142C95811DA4178F00F9F32F /* NSEntityDescription+SYNCPrimaryKey.m */; };
		142C958D1DA4178F00F9F32F /* NSManagedObject+HYPPropertyMapper.m in Sources */ = {isa = PBXBuildFile; fileRef = 142C95851DA4178F00F9F32F /* NSManagedObject+HYPPropertyMapper.m */; };
		142C958E1DA4178F00F9F32F /* NSManagedObject+HYPPropertyMapperHelpers.m in Sources */ = {isa = PBXBuildFile; fileRef = 142C95871DA4178F00F9F32F /* NSManagedObject+HYPPropertyMapperHelpers.m */; };
		142C958F1DA4178F00F9F32F /* NSString+HYPNetworking.m in Sources */ = {isa = PBXBuildFile; fileRef = 142C958A1DA4178F00F9F32F /* NSString+HYPNetworking.m */; };
		142C95AF1DA4179F00F9F32F /* DateTests.swift in Sources */ = {isa = PBXBuildFile; fileRef = 142C95921DA4179F00F9F32F /* DateTests.swift */; };
		142C95B01DA4179F00F9F32F /* Info.plist in Resources */ = {isa = PBXBuildFile; fileRef = 142C95931DA4179F00F9F32F /* Info.plist */; };
		142C95B11DA4179F00F9F32F /* Pod.xcdatamodeld in Sources */ = {isa = PBXBuildFile; fileRef = 142C95961DA4179F00F9F32F /* Pod.xcdatamodeld */; };
		142C95B21DA4179F00F9F32F /* PrimaryKeyTests.m in Sources */ = {isa = PBXBuildFile; fileRef = 142C95981DA4179F00F9F32F /* PrimaryKeyTests.m */; };
		142C95B31DA4179F00F9F32F /* FillWithDictionaryTests.swift in Sources */ = {isa = PBXBuildFile; fileRef = 142C959A1DA4179F00F9F32F /* FillWithDictionaryTests.swift */; };
		142C95B41DA4179F00F9F32F /* Helper.swift in Sources */ = {isa = PBXBuildFile; fileRef = 142C959B1DA4179F00F9F32F /* Helper.swift */; };
		142C95B51DA4179F00F9F32F /* HelperTests.m in Sources */ = {isa = PBXBuildFile; fileRef = 142C959C1DA4179F00F9F32F /* HelperTests.m */; };
		142C95B61DA4179F00F9F32F /* HYPDictionaryTests.m in Sources */ = {isa = PBXBuildFile; fileRef = 142C959D1DA4179F00F9F32F /* HYPDictionaryTests.m */; };
		142C95B71DA4179F00F9F32F /* HYPFillWithDictionaryTests.m in Sources */ = {isa = PBXBuildFile; fileRef = 142C959E1DA4179F00F9F32F /* HYPFillWithDictionaryTests.m */; };
		142C95B81DA4179F00F9F32F /* 121.xcdatamodeld in Sources */ = {isa = PBXBuildFile; fileRef = 142C95A01DA4179F00F9F32F /* 121.xcdatamodeld */; };
		142C95B91DA4179F00F9F32F /* Bug112.xcdatamodeld in Sources */ = {isa = PBXBuildFile; fileRef = 142C95A21DA4179F00F9F32F /* Bug112.xcdatamodeld */; };
		142C95BA1DA4179F00F9F32F /* Model.xcdatamodeld in Sources */ = {isa = PBXBuildFile; fileRef = 142C95A41DA4179F00F9F32F /* Model.xcdatamodeld */; };
		142C95BB1DA4179F00F9F32F /* Ordered.xcdatamodeld in Sources */ = {isa = PBXBuildFile; fileRef = 142C95A61DA4179F00F9F32F /* Ordered.xcdatamodeld */; };
		142C95BC1DA4179F00F9F32F /* DateStringTransformer.m in Sources */ = {isa = PBXBuildFile; fileRef = 142C95AA1DA4179F00F9F32F /* DateStringTransformer.m */; };
		142C95BD1DA4179F00F9F32F /* HYPTestValueTransformer.m in Sources */ = {isa = PBXBuildFile; fileRef = 142C95AC1DA4179F00F9F32F /* HYPTestValueTransformer.m */; };
		142C95BE1DA4179F00F9F32F /* NSString_HYPNetworkingTests.m in Sources */ = {isa = PBXBuildFile; fileRef = 142C95AE1DA4179F00F9F32F /* NSString_HYPNetworkingTests.m */; };
		14FE523D1DA4180600A55BE4 /* Info.plist in Resources */ = {isa = PBXBuildFile; fileRef = 14C47E0D1CD2AE5F004A48DF /* Info.plist */; };
		14FE523F1DA4182000A55BE4 /* DATAStack.framework in Frameworks */ = {isa = PBXBuildFile; fileRef = 14FE523E1DA4182000A55BE4 /* DATAStack.framework */; };
		14FE52411DA4182600A55BE4 /* DATAStack.framework in CopyFiles */ = {isa = PBXBuildFile; fileRef = 14FE52401DA4182600A55BE4 /* DATAStack.framework */; settings = {ATTRIBUTES = (CodeSignOnCopy, RemoveHeadersOnCopy, ); }; };
/* End PBXBuildFile section */

/* Begin PBXCopyFilesBuildPhase section */
		141001141CD298F200C01F60 /* CopyFiles */ = {
			isa = PBXCopyFilesBuildPhase;
			buildActionMask = 2147483647;
			dstPath = "";
			dstSubfolderSpec = 10;
			files = (
				14FE52411DA4182600A55BE4 /* DATAStack.framework in CopyFiles */,
			);
			runOnlyForDeploymentPostprocessing = 0;
		};
/* End PBXCopyFilesBuildPhase section */

/* Begin PBXFileReference section */
		142C957D1DA4178F00F9F32F /* NSDate+Parser.h */ = {isa = PBXFileReference; fileEncoding = 4; lastKnownFileType = sourcecode.c.h; path = "NSDate+Parser.h"; sourceTree = "<group>"; };
		142C957E1DA4178F00F9F32F /* NSDate+Parser.m */ = {isa = PBXFileReference; fileEncoding = 4; lastKnownFileType = sourcecode.c.objc; path = "NSDate+Parser.m"; sourceTree = "<group>"; };
		142C95801DA4178F00F9F32F /* NSEntityDescription+SYNCPrimaryKey.h */ = {isa = PBXFileReference; fileEncoding = 4; lastKnownFileType = sourcecode.c.h; path = "NSEntityDescription+SYNCPrimaryKey.h"; sourceTree = "<group>"; };
		142C95811DA4178F00F9F32F /* NSEntityDescription+SYNCPrimaryKey.m */ = {isa = PBXFileReference; fileEncoding = 4; lastKnownFileType = sourcecode.c.objc; path = "NSEntityDescription+SYNCPrimaryKey.m"; sourceTree = "<group>"; };
		142C95821DA4178F00F9F32F /* NSManagedObject-HYPPropertyMapper.h */ = {isa = PBXFileReference; fileEncoding = 4; lastKnownFileType = sourcecode.c.h; path = "NSManagedObject-HYPPropertyMapper.h"; sourceTree = "<group>"; };
		142C95841DA4178F00F9F32F /* NSManagedObject+HYPPropertyMapper.h */ = {isa = PBXFileReference; fileEncoding = 4; lastKnownFileType = sourcecode.c.h; path = "NSManagedObject+HYPPropertyMapper.h"; sourceTree = "<group>"; };
		142C95851DA4178F00F9F32F /* NSManagedObject+HYPPropertyMapper.m */ = {isa = PBXFileReference; fileEncoding = 4; lastKnownFileType = sourcecode.c.objc; path = "NSManagedObject+HYPPropertyMapper.m"; sourceTree = "<group>"; };
		142C95861DA4178F00F9F32F /* NSManagedObject+HYPPropertyMapperHelpers.h */ = {isa = PBXFileReference; fileEncoding = 4; lastKnownFileType = sourcecode.c.h; path = "NSManagedObject+HYPPropertyMapperHelpers.h"; sourceTree = "<group>"; };
		142C95871DA4178F00F9F32F /* NSManagedObject+HYPPropertyMapperHelpers.m */ = {isa = PBXFileReference; fileEncoding = 4; lastKnownFileType = sourcecode.c.objc; path = "NSManagedObject+HYPPropertyMapperHelpers.m"; sourceTree = "<group>"; };
		142C95891DA4178F00F9F32F /* NSString+HYPNetworking.h */ = {isa = PBXFileReference; fileEncoding = 4; lastKnownFileType = sourcecode.c.h; path = "NSString+HYPNetworking.h"; sourceTree = "<group>"; };
		142C958A1DA4178F00F9F32F /* NSString+HYPNetworking.m */ = {isa = PBXFileReference; fileEncoding = 4; lastKnownFileType = sourcecode.c.objc; path = "NSString+HYPNetworking.m"; sourceTree = "<group>"; };
		142C95901DA4179F00F9F32F /* BridgingHeader.h */ = {isa = PBXFileReference; fileEncoding = 4; lastKnownFileType = sourcecode.c.h; path = BridgingHeader.h; sourceTree = "<group>"; };
		142C95921DA4179F00F9F32F /* DateTests.swift */ = {isa = PBXFileReference; fileEncoding = 4; lastKnownFileType = sourcecode.swift; path = DateTests.swift; sourceTree = "<group>"; };
		142C95931DA4179F00F9F32F /* Info.plist */ = {isa = PBXFileReference; fileEncoding = 4; lastKnownFileType = text.plist.xml; path = Info.plist; sourceTree = "<group>"; };
		142C95971DA4179F00F9F32F /* Demo.xcdatamodel */ = {isa = PBXFileReference; lastKnownFileType = wrapper.xcdatamodel; path = Demo.xcdatamodel; sourceTree = "<group>"; };
		142C95981DA4179F00F9F32F /* PrimaryKeyTests.m */ = {isa = PBXFileReference; fileEncoding = 4; lastKnownFileType = sourcecode.c.objc; path = PrimaryKeyTests.m; sourceTree = "<group>"; };
		142C959A1DA4179F00F9F32F /* FillWithDictionaryTests.swift */ = {isa = PBXFileReference; fileEncoding = 4; lastKnownFileType = sourcecode.swift; path = FillWithDictionaryTests.swift; sourceTree = "<group>"; };
		142C959B1DA4179F00F9F32F /* Helper.swift */ = {isa = PBXFileReference; fileEncoding = 4; lastKnownFileType = sourcecode.swift; path = Helper.swift; sourceTree = "<group>"; };
		142C959C1DA4179F00F9F32F /* HelperTests.m */ = {isa = PBXFileReference; fileEncoding = 4; lastKnownFileType = sourcecode.c.objc; path = HelperTests.m; sourceTree = "<group>"; };
		142C959D1DA4179F00F9F32F /* HYPDictionaryTests.m */ = {isa = PBXFileReference; fileEncoding = 4; lastKnownFileType = sourcecode.c.objc; path = HYPDictionaryTests.m; sourceTree = "<group>"; };
		142C959E1DA4179F00F9F32F /* HYPFillWithDictionaryTests.m */ = {isa = PBXFileReference; fileEncoding = 4; lastKnownFileType = sourcecode.c.objc; path = HYPFillWithDictionaryTests.m; sourceTree = "<group>"; };
		142C95A11DA4179F00F9F32F /* Model.xcdatamodel */ = {isa = PBXFileReference; lastKnownFileType = wrapper.xcdatamodel; path = Model.xcdatamodel; sourceTree = "<group>"; };
		142C95A31DA4179F00F9F32F /* hypbug.xcdatamodel */ = {isa = PBXFileReference; lastKnownFileType = wrapper.xcdatamodel; path = hypbug.xcdatamodel; sourceTree = "<group>"; };
		142C95A51DA4179F00F9F32F /* Model.xcdatamodel */ = {isa = PBXFileReference; lastKnownFileType = wrapper.xcdatamodel; path = Model.xcdatamodel; sourceTree = "<group>"; };
		142C95A71DA4179F00F9F32F /* Ordered.xcdatamodel */ = {isa = PBXFileReference; lastKnownFileType = wrapper.xcdatamodel; path = Ordered.xcdatamodel; sourceTree = "<group>"; };
		142C95A91DA4179F00F9F32F /* DateStringTransformer.h */ = {isa = PBXFileReference; fileEncoding = 4; lastKnownFileType = sourcecode.c.h; path = DateStringTransformer.h; sourceTree = "<group>"; };
		142C95AA1DA4179F00F9F32F /* DateStringTransformer.m */ = {isa = PBXFileReference; fileEncoding = 4; lastKnownFileType = sourcecode.c.objc; path = DateStringTransformer.m; sourceTree = "<group>"; };
		142C95AB1DA4179F00F9F32F /* HYPTestValueTransformer.h */ = {isa = PBXFileReference; fileEncoding = 4; lastKnownFileType = sourcecode.c.h; path = HYPTestValueTransformer.h; sourceTree = "<group>"; };
		142C95AC1DA4179F00F9F32F /* HYPTestValueTransformer.m */ = {isa = PBXFileReference; fileEncoding = 4; lastKnownFileType = sourcecode.c.objc; path = HYPTestValueTransformer.m; sourceTree = "<group>"; };
		142C95AE1DA4179F00F9F32F /* NSString_HYPNetworkingTests.m */ = {isa = PBXFileReference; fileEncoding = 4; lastKnownFileType = sourcecode.c.objc; path = NSString_HYPNetworkingTests.m; sourceTree = "<group>"; };
		146D72AC1AB782920058798C /* Tests.xctest */ = {isa = PBXFileReference; explicitFileType = wrapper.cfbundle; includeInIndex = 0; path = Tests.xctest; sourceTree = BUILT_PRODUCTS_DIR; };
		14C0AF801BD6D4230009ECBE /* .travis.yml */ = {isa = PBXFileReference; lastKnownFileType = text; path = .travis.yml; sourceTree = "<group>"; };
		14C0AF811BD6D4230009ECBE /* CHANGELOG.md */ = {isa = PBXFileReference; lastKnownFileType = net.daringfireball.markdown; path = CHANGELOG.md; sourceTree = "<group>"; };
		14C0AF821BD6D4230009ECBE /* CONTRIBUTING.md */ = {isa = PBXFileReference; lastKnownFileType = net.daringfireball.markdown; path = CONTRIBUTING.md; sourceTree = "<group>"; };
		14C0AF831BD6D4230009ECBE /* README.md */ = {isa = PBXFileReference; lastKnownFileType = net.daringfireball.markdown; path = README.md; sourceTree = "<group>"; };
		14C47E0D1CD2AE5F004A48DF /* Info.plist */ = {isa = PBXFileReference; fileEncoding = 4; lastKnownFileType = text.plist.xml; path = Info.plist; sourceTree = "<group>"; };
		14F393951CC6512400616696 /* Package.swift */ = {isa = PBXFileReference; lastKnownFileType = sourcecode.swift; path = Package.swift; sourceTree = "<group>"; };
		14F393961CC6517E00616696 /* LICENSE.md */ = {isa = PBXFileReference; lastKnownFileType = net.daringfireball.markdown; path = LICENSE.md; sourceTree = "<group>"; };
		14FE523E1DA4182000A55BE4 /* DATAStack.framework */ = {isa = PBXFileReference; lastKnownFileType = wrapper.framework; name = DATAStack.framework; path = Carthage/Build/iOS/DATAStack.framework; sourceTree = "<group>"; };
		14FE52401DA4182600A55BE4 /* DATAStack.framework */ = {isa = PBXFileReference; lastKnownFileType = wrapper.framework; name = DATAStack.framework; path = Carthage/Build/iOS/DATAStack.framework; sourceTree = "<group>"; };
/* End PBXFileReference section */

/* Begin PBXFrameworksBuildPhase section */
		146D72A91AB782920058798C /* Frameworks */ = {
			isa = PBXFrameworksBuildPhase;
			buildActionMask = 2147483647;
			files = (
				14FE523F1DA4182000A55BE4 /* DATAStack.framework in Frameworks */,
			);
			runOnlyForDeploymentPostprocessing = 0;
		};
/* End PBXFrameworksBuildPhase section */

/* Begin PBXGroup section */
		141001131CD298D800C01F60 /* Frameworks */ = {
			isa = PBXGroup;
			children = (
				14FE52401DA4182600A55BE4 /* DATAStack.framework */,
				14FE523E1DA4182000A55BE4 /* DATAStack.framework */,
			);
			name = Frameworks;
			sourceTree = "<group>";
		};
		142C957C1DA4178F00F9F32F /* DateParser */ = {
			isa = PBXGroup;
			children = (
				142C957D1DA4178F00F9F32F /* NSDate+Parser.h */,
				142C957E1DA4178F00F9F32F /* NSDate+Parser.m */,
			);
			path = DateParser;
			sourceTree = "<group>";
		};
		142C957F1DA4178F00F9F32F /* NSEntityDescription-SYNCPrimaryKey */ = {
			isa = PBXGroup;
			children = (
				142C95801DA4178F00F9F32F /* NSEntityDescription+SYNCPrimaryKey.h */,
				142C95811DA4178F00F9F32F /* NSEntityDescription+SYNCPrimaryKey.m */,
			);
			path = "NSEntityDescription-SYNCPrimaryKey";
			sourceTree = "<group>";
		};
		142C95831DA4178F00F9F32F /* NSManagedObject+HYPPropertyMapper */ = {
			isa = PBXGroup;
			children = (
				142C95841DA4178F00F9F32F /* NSManagedObject+HYPPropertyMapper.h */,
				142C95851DA4178F00F9F32F /* NSManagedObject+HYPPropertyMapper.m */,
				142C95861DA4178F00F9F32F /* NSManagedObject+HYPPropertyMapperHelpers.h */,
				142C95871DA4178F00F9F32F /* NSManagedObject+HYPPropertyMapperHelpers.m */,
			);
			path = "NSManagedObject+HYPPropertyMapper";
			sourceTree = "<group>";
		};
		142C95881DA4178F00F9F32F /* NSString-HYPNetworking */ = {
			isa = PBXGroup;
			children = (
				142C95891DA4178F00F9F32F /* NSString+HYPNetworking.h */,
				142C958A1DA4178F00F9F32F /* NSString+HYPNetworking.m */,
			);
			path = "NSString-HYPNetworking";
			sourceTree = "<group>";
		};
		142C95911DA4179F00F9F32F /* DateParser */ = {
			isa = PBXGroup;
			children = (
				142C95921DA4179F00F9F32F /* DateTests.swift */,
			);
			path = DateParser;
			sourceTree = "<group>";
		};
		142C95941DA4179F00F9F32F /* Models */ = {
			isa = PBXGroup;
			children = (
			);
			path = Models;
			sourceTree = "<group>";
		};
		142C95951DA4179F00F9F32F /* NSEntityDescription-SYNCPrimaryKey */ = {
			isa = PBXGroup;
			children = (
				142C95961DA4179F00F9F32F /* Pod.xcdatamodeld */,
				142C95981DA4179F00F9F32F /* PrimaryKeyTests.m */,
			);
			path = "NSEntityDescription-SYNCPrimaryKey";
			sourceTree = "<group>";
		};
		142C95991DA4179F00F9F32F /* NSManagedObject+HYPPropertyMapper */ = {
			isa = PBXGroup;
			children = (
				142C959A1DA4179F00F9F32F /* FillWithDictionaryTests.swift */,
				142C959B1DA4179F00F9F32F /* Helper.swift */,
				142C959C1DA4179F00F9F32F /* HelperTests.m */,
				142C959D1DA4179F00F9F32F /* HYPDictionaryTests.m */,
				142C959E1DA4179F00F9F32F /* HYPFillWithDictionaryTests.m */,
				142C959F1DA4179F00F9F32F /* Models */,
				142C95A81DA4179F00F9F32F /* Transformers */,
			);
			path = "NSManagedObject+HYPPropertyMapper";
			sourceTree = "<group>";
		};
		142C959F1DA4179F00F9F32F /* Models */ = {
			isa = PBXGroup;
			children = (
				142C95A01DA4179F00F9F32F /* 121.xcdatamodeld */,
				142C95A21DA4179F00F9F32F /* Bug112.xcdatamodeld */,
				142C95A41DA4179F00F9F32F /* Model.xcdatamodeld */,
				142C95A61DA4179F00F9F32F /* Ordered.xcdatamodeld */,
			);
			path = Models;
			sourceTree = "<group>";
		};
		142C95A81DA4179F00F9F32F /* Transformers */ = {
			isa = PBXGroup;
			children = (
				142C95A91DA4179F00F9F32F /* DateStringTransformer.h */,
				142C95AA1DA4179F00F9F32F /* DateStringTransformer.m */,
				142C95AB1DA4179F00F9F32F /* HYPTestValueTransformer.h */,
				142C95AC1DA4179F00F9F32F /* HYPTestValueTransformer.m */,
			);
			path = Transformers;
			sourceTree = "<group>";
		};
		142C95AD1DA4179F00F9F32F /* NSString-HYPNetworking */ = {
			isa = PBXGroup;
			children = (
				142C95AE1DA4179F00F9F32F /* NSString_HYPNetworkingTests.m */,
			);
			path = "NSString-HYPNetworking";
			sourceTree = "<group>";
		};
		146D728A1AB782920058798C = {
			isa = PBXGroup;
			children = (
				14C136501AB7849300B7B07A /* Metadata */,
				14C31A8C1CD294C70056A33F /* Sources */,
				146D72AF1AB782920058798C /* Tests */,
				146D72941AB782920058798C /* Products */,
				141001131CD298D800C01F60 /* Frameworks */,
			);
			indentWidth = 4;
			sourceTree = "<group>";
			tabWidth = 4;
		};
		146D72941AB782920058798C /* Products */ = {
			isa = PBXGroup;
			children = (
				146D72AC1AB782920058798C /* Tests.xctest */,
			);
			name = Products;
			sourceTree = "<group>";
		};
		146D72AF1AB782920058798C /* Tests */ = {
			isa = PBXGroup;
			children = (
				142C95901DA4179F00F9F32F /* BridgingHeader.h */,
				142C95911DA4179F00F9F32F /* DateParser */,
				142C95931DA4179F00F9F32F /* Info.plist */,
				142C95941DA4179F00F9F32F /* Models */,
				142C95951DA4179F00F9F32F /* NSEntityDescription-SYNCPrimaryKey */,
				142C95991DA4179F00F9F32F /* NSManagedObject+HYPPropertyMapper */,
				142C95AD1DA4179F00F9F32F /* NSString-HYPNetworking */,
			);
			path = Tests;
			sourceTree = "<group>";
		};
		14C136501AB7849300B7B07A /* Metadata */ = {
			isa = PBXGroup;
			children = (
				14C47E0D1CD2AE5F004A48DF /* Info.plist */,
				14C0AF801BD6D4230009ECBE /* .travis.yml */,
				14C0AF811BD6D4230009ECBE /* CHANGELOG.md */,
				14C0AF821BD6D4230009ECBE /* CONTRIBUTING.md */,
				14F393961CC6517E00616696 /* LICENSE.md */,
				14F393951CC6512400616696 /* Package.swift */,
				14C0AF831BD6D4230009ECBE /* README.md */,
			);
			name = Metadata;
			sourceTree = "<group>";
		};
		14C31A8C1CD294C70056A33F /* Sources */ = {
			isa = PBXGroup;
			children = (
				142C957C1DA4178F00F9F32F /* DateParser */,
				142C957F1DA4178F00F9F32F /* NSEntityDescription-SYNCPrimaryKey */,
				142C95821DA4178F00F9F32F /* NSManagedObject-HYPPropertyMapper.h */,
				142C95831DA4178F00F9F32F /* NSManagedObject+HYPPropertyMapper */,
				142C95881DA4178F00F9F32F /* NSString-HYPNetworking */,
			);
			path = Sources;
			sourceTree = "<group>";
		};
/* End PBXGroup section */

/* Begin PBXNativeTarget section */
		146D72AB1AB782920058798C /* Tests */ = {
			isa = PBXNativeTarget;
			buildConfigurationList = 146D72B91AB782920058798C /* Build configuration list for PBXNativeTarget "Tests" */;
			buildPhases = (
				146D72A81AB782920058798C /* Sources */,
				146D72A91AB782920058798C /* Frameworks */,
				146D72AA1AB782920058798C /* Resources */,
				141001141CD298F200C01F60 /* CopyFiles */,
			);
			buildRules = (
			);
			dependencies = (
			);
			name = Tests;
			productName = PodTests;
			productReference = 146D72AC1AB782920058798C /* Tests.xctest */;
			productType = "com.apple.product-type.bundle.unit-test";
		};
/* End PBXNativeTarget section */

/* Begin PBXProject section */
		146D728B1AB782920058798C /* Project object */ = {
			isa = PBXProject;
			attributes = {
				CLASSPREFIX = "";
				LastSwiftUpdateCheck = 0700;
				LastUpgradeCheck = 0800;
				ORGANIZATIONNAME = "";
				TargetAttributes = {
					146D72AB1AB782920058798C = {
						CreatedOnToolsVersion = 6.2;
						LastSwiftMigration = 0800;
					};
				};
			};
			buildConfigurationList = 146D728E1AB782920058798C /* Build configuration list for PBXProject "Demo" */;
			compatibilityVersion = "Xcode 3.2";
			developmentRegion = English;
			hasScannedForEncodings = 0;
			knownRegions = (
				en,
				Base,
			);
			mainGroup = 146D728A1AB782920058798C;
			productRefGroup = 146D72941AB782920058798C /* Products */;
			projectDirPath = "";
			projectRoot = "";
			targets = (
				146D72AB1AB782920058798C /* Tests */,
			);
		};
/* End PBXProject section */

/* Begin PBXResourcesBuildPhase section */
		146D72AA1AB782920058798C /* Resources */ = {
			isa = PBXResourcesBuildPhase;
			buildActionMask = 2147483647;
			files = (
				142C95B01DA4179F00F9F32F /* Info.plist in Resources */,
				14FE523D1DA4180600A55BE4 /* Info.plist in Resources */,
			);
			runOnlyForDeploymentPostprocessing = 0;
		};
/* End PBXResourcesBuildPhase section */

/* Begin PBXSourcesBuildPhase section */
		146D72A81AB782920058798C /* Sources */ = {
			isa = PBXSourcesBuildPhase;
			buildActionMask = 2147483647;
			files = (
				142C95B41DA4179F00F9F32F /* Helper.swift in Sources */,
				142C95BD1DA4179F00F9F32F /* HYPTestValueTransformer.m in Sources */,
				142C95B61DA4179F00F9F32F /* HYPDictionaryTests.m in Sources */,
				142C95BE1DA4179F00F9F32F /* NSString_HYPNetworkingTests.m in Sources */,
				142C95B31DA4179F00F9F32F /* FillWithDictionaryTests.swift in Sources */,
				142C95B81DA4179F00F9F32F /* 121.xcdatamodeld in Sources */,
				142C958E1DA4178F00F9F32F /* NSManagedObject+HYPPropertyMapperHelpers.m in Sources */,
				142C95B71DA4179F00F9F32F /* HYPFillWithDictionaryTests.m in Sources */,
				142C958C1DA4178F00F9F32F /* NSEntityDescription+SYNCPrimaryKey.m in Sources */,
				142C958D1DA4178F00F9F32F /* NSManagedObject+HYPPropertyMapper.m in Sources */,
				142C95BA1DA4179F00F9F32F /* Model.xcdatamodeld in Sources */,
				142C95B11DA4179F00F9F32F /* Pod.xcdatamodeld in Sources */,
				142C95BC1DA4179F00F9F32F /* DateStringTransformer.m in Sources */,
				142C95AF1DA4179F00F9F32F /* DateTests.swift in Sources */,
				142C95B51DA4179F00F9F32F /* HelperTests.m in Sources */,
				142C95B21DA4179F00F9F32F /* PrimaryKeyTests.m in Sources */,
				142C95B91DA4179F00F9F32F /* Bug112.xcdatamodeld in Sources */,
				142C958B1DA4178F00F9F32F /* NSDate+Parser.m in Sources */,
				142C958F1DA4178F00F9F32F /* NSString+HYPNetworking.m in Sources */,
				142C95BB1DA4179F00F9F32F /* Ordered.xcdatamodeld in Sources */,
			);
			runOnlyForDeploymentPostprocessing = 0;
		};
/* End PBXSourcesBuildPhase section */

/* Begin XCBuildConfiguration section */
		146D72B41AB782920058798C /* Debug */ = {
			isa = XCBuildConfiguration;
			buildSettings = {
				ALWAYS_SEARCH_USER_PATHS = NO;
				CLANG_CXX_LANGUAGE_STANDARD = "gnu++0x";
				CLANG_CXX_LIBRARY = "libc++";
				CLANG_ENABLE_MODULES = YES;
				CLANG_ENABLE_OBJC_ARC = YES;
				CLANG_WARN_BOOL_CONVERSION = YES;
				CLANG_WARN_CONSTANT_CONVERSION = YES;
				CLANG_WARN_DIRECT_OBJC_ISA_USAGE = YES_ERROR;
				CLANG_WARN_EMPTY_BODY = YES;
				CLANG_WARN_ENUM_CONVERSION = YES;
				CLANG_WARN_INFINITE_RECURSION = YES;
				CLANG_WARN_INT_CONVERSION = YES;
				CLANG_WARN_OBJC_ROOT_CLASS = YES_ERROR;
				CLANG_WARN_SUSPICIOUS_MOVE = YES;
				CLANG_WARN_UNREACHABLE_CODE = YES;
				CLANG_WARN__DUPLICATE_METHOD_MATCH = YES;
				"CODE_SIGN_IDENTITY[sdk=iphoneos*]" = "iPhone Developer";
				COPY_PHASE_STRIP = NO;
				ENABLE_STRICT_OBJC_MSGSEND = YES;
				ENABLE_TESTABILITY = YES;
				GCC_C_LANGUAGE_STANDARD = gnu99;
				GCC_DYNAMIC_NO_PIC = NO;
				GCC_NO_COMMON_BLOCKS = YES;
				GCC_OPTIMIZATION_LEVEL = 0;
				GCC_PREPROCESSOR_DEFINITIONS = (
					"DEBUG=1",
					"$(inherited)",
				);
				GCC_SYMBOLS_PRIVATE_EXTERN = NO;
				GCC_WARN_64_TO_32_BIT_CONVERSION = YES;
				GCC_WARN_ABOUT_RETURN_TYPE = YES_ERROR;
				GCC_WARN_UNDECLARED_SELECTOR = YES;
				GCC_WARN_UNINITIALIZED_AUTOS = YES_AGGRESSIVE;
				GCC_WARN_UNUSED_FUNCTION = YES;
				GCC_WARN_UNUSED_VARIABLE = YES;
				IPHONEOS_DEPLOYMENT_TARGET = 8.0;
				MTL_ENABLE_DEBUG_INFO = YES;
				ONLY_ACTIVE_ARCH = YES;
				SDKROOT = iphoneos;
			};
			name = Debug;
		};
		146D72B51AB782920058798C /* Release */ = {
			isa = XCBuildConfiguration;
			buildSettings = {
				ALWAYS_SEARCH_USER_PATHS = NO;
				CLANG_CXX_LANGUAGE_STANDARD = "gnu++0x";
				CLANG_CXX_LIBRARY = "libc++";
				CLANG_ENABLE_MODULES = YES;
				CLANG_ENABLE_OBJC_ARC = YES;
				CLANG_WARN_BOOL_CONVERSION = YES;
				CLANG_WARN_CONSTANT_CONVERSION = YES;
				CLANG_WARN_DIRECT_OBJC_ISA_USAGE = YES_ERROR;
				CLANG_WARN_EMPTY_BODY = YES;
				CLANG_WARN_ENUM_CONVERSION = YES;
				CLANG_WARN_INFINITE_RECURSION = YES;
				CLANG_WARN_INT_CONVERSION = YES;
				CLANG_WARN_OBJC_ROOT_CLASS = YES_ERROR;
				CLANG_WARN_SUSPICIOUS_MOVE = YES;
				CLANG_WARN_UNREACHABLE_CODE = YES;
				CLANG_WARN__DUPLICATE_METHOD_MATCH = YES;
				"CODE_SIGN_IDENTITY[sdk=iphoneos*]" = "iPhone Developer";
				COPY_PHASE_STRIP = NO;
				ENABLE_NS_ASSERTIONS = NO;
				ENABLE_STRICT_OBJC_MSGSEND = YES;
				GCC_C_LANGUAGE_STANDARD = gnu99;
				GCC_NO_COMMON_BLOCKS = YES;
				GCC_WARN_64_TO_32_BIT_CONVERSION = YES;
				GCC_WARN_ABOUT_RETURN_TYPE = YES_ERROR;
				GCC_WARN_UNDECLARED_SELECTOR = YES;
				GCC_WARN_UNINITIALIZED_AUTOS = YES_AGGRESSIVE;
				GCC_WARN_UNUSED_FUNCTION = YES;
				GCC_WARN_UNUSED_VARIABLE = YES;
				IPHONEOS_DEPLOYMENT_TARGET = 8.0;
				MTL_ENABLE_DEBUG_INFO = NO;
				SDKROOT = iphoneos;
				SWIFT_OPTIMIZATION_LEVEL = "-Owholemodule";
				VALIDATE_PRODUCT = YES;
			};
			name = Release;
		};
		146D72BA1AB782920058798C /* Debug */ = {
			isa = XCBuildConfiguration;
			buildSettings = {
				CLANG_ENABLE_MODULES = YES;
				FRAMEWORK_SEARCH_PATHS = "$(PROJECT_DIR)/Carthage/Build/iOS";
				GCC_PREPROCESSOR_DEFINITIONS = (
					"DEBUG=1",
					"$(inherited)",
				);
				INFOPLIST_FILE = Tests/Info.plist;
				LD_RUNPATH_SEARCH_PATHS = "$(inherited) @executable_path/Frameworks @loader_path/Frameworks";
				PRODUCT_BUNDLE_IDENTIFIER = "com.sample.$(PRODUCT_NAME:rfc1034identifier)";
				PRODUCT_NAME = "$(TARGET_NAME)";
				SWIFT_OBJC_BRIDGING_HEADER = Tests/BridgingHeader.h;
				SWIFT_OPTIMIZATION_LEVEL = "-Onone";
				SWIFT_VERSION = 3.0;
			};
			name = Debug;
		};
		146D72BB1AB782920058798C /* Release */ = {
			isa = XCBuildConfiguration;
			buildSettings = {
				CLANG_ENABLE_MODULES = YES;
				FRAMEWORK_SEARCH_PATHS = "$(PROJECT_DIR)/Carthage/Build/iOS";
				INFOPLIST_FILE = Tests/Info.plist;
				LD_RUNPATH_SEARCH_PATHS = "$(inherited) @executable_path/Frameworks @loader_path/Frameworks";
				PRODUCT_BUNDLE_IDENTIFIER = "com.sample.$(PRODUCT_NAME:rfc1034identifier)";
				PRODUCT_NAME = "$(TARGET_NAME)";
				SWIFT_OBJC_BRIDGING_HEADER = Tests/BridgingHeader.h;
				SWIFT_VERSION = 3.0;
			};
			name = Release;
		};
/* End XCBuildConfiguration section */

/* Begin XCConfigurationList section */
		146D728E1AB782920058798C /* Build configuration list for PBXProject "Demo" */ = {
			isa = XCConfigurationList;
			buildConfigurations = (
				146D72B41AB782920058798C /* Debug */,
				146D72B51AB782920058798C /* Release */,
			);
			defaultConfigurationIsVisible = 0;
			defaultConfigurationName = Release;
		};
		146D72B91AB782920058798C /* Build configuration list for PBXNativeTarget "Tests" */ = {
			isa = XCConfigurationList;
			buildConfigurations = (
				146D72BA1AB782920058798C /* Debug */,
				146D72BB1AB782920058798C /* Release */,
			);
			defaultConfigurationIsVisible = 0;
			defaultConfigurationName = Release;
		};
/* End XCConfigurationList section */

/* Begin XCVersionGroup section */
		142C95961DA4179F00F9F32F /* Pod.xcdatamodeld */ = {
			isa = XCVersionGroup;
			children = (
				142C95971DA4179F00F9F32F /* Demo.xcdatamodel */,
			);
			currentVersion = 142C95971DA4179F00F9F32F /* Demo.xcdatamodel */;
			path = Pod.xcdatamodeld;
			sourceTree = "<group>";
			versionGroupType = wrapper.xcdatamodel;
		};
		142C95A01DA4179F00F9F32F /* 121.xcdatamodeld */ = {
			isa = XCVersionGroup;
			children = (
				142C95A11DA4179F00F9F32F /* Model.xcdatamodel */,
			);
			currentVersion = 142C95A11DA4179F00F9F32F /* Model.xcdatamodel */;
			path = 121.xcdatamodeld;
			sourceTree = "<group>";
			versionGroupType = wrapper.xcdatamodel;
		};
		142C95A21DA4179F00F9F32F /* Bug112.xcdatamodeld */ = {
			isa = XCVersionGroup;
			children = (
				142C95A31DA4179F00F9F32F /* hypbug.xcdatamodel */,
			);
			currentVersion = 142C95A31DA4179F00F9F32F /* hypbug.xcdatamodel */;
			path = Bug112.xcdatamodeld;
			sourceTree = "<group>";
			versionGroupType = wrapper.xcdatamodel;
		};
		142C95A41DA4179F00F9F32F /* Model.xcdatamodeld */ = {
			isa = XCVersionGroup;
			children = (
				142C95A51DA4179F00F9F32F /* Model.xcdatamodel */,
			);
			currentVersion = 142C95A51DA4179F00F9F32F /* Model.xcdatamodel */;
			path = Model.xcdatamodeld;
			sourceTree = "<group>";
			versionGroupType = wrapper.xcdatamodel;
		};
		142C95A61DA4179F00F9F32F /* Ordered.xcdatamodeld */ = {
			isa = XCVersionGroup;
			children = (
				142C95A71DA4179F00F9F32F /* Ordered.xcdatamodel */,
			);
			currentVersion = 142C95A71DA4179F00F9F32F /* Ordered.xcdatamodel */;
			path = Ordered.xcdatamodeld;
			sourceTree = "<group>";
			versionGroupType = wrapper.xcdatamodel;
		};
/* End XCVersionGroup section */
	};
	rootObject = 146D728B1AB782920058798C /* Project object */;
}
