// !$*UTF8*$!
{
	archiveVersion = 1;
	classes = {
	};
	objectVersion = 46;
	objects = {

/* Begin PBXBuildFile section */
		44943EB41DA3F91A00D23F21 /* NSManagedObject+HYPPropertyMapper.m in Sources */ = {isa = PBXBuildFile; fileRef = 44943EB11DA3F91A00D23F21 /* NSManagedObject+HYPPropertyMapper.m */; };
		44943EB51DA3F91A00D23F21 /* NSManagedObject+HYPPropertyMapperHelpers.m in Sources */ = {isa = PBXBuildFile; fileRef = 44943EB31DA3F91A00D23F21 /* NSManagedObject+HYPPropertyMapperHelpers.m */; };
		44943ECA1DA3F92A00D23F21 /* FillWithDictionaryTests.swift in Sources */ = {isa = PBXBuildFile; fileRef = 44943EB71DA3F92A00D23F21 /* FillWithDictionaryTests.swift */; };
		44943ECB1DA3F92A00D23F21 /* Helper.swift in Sources */ = {isa = PBXBuildFile; fileRef = 44943EB81DA3F92A00D23F21 /* Helper.swift */; };
		44943ECC1DA3F92A00D23F21 /* HelperTests.m in Sources */ = {isa = PBXBuildFile; fileRef = 44943EB91DA3F92A00D23F21 /* HelperTests.m */; };
		44943ECD1DA3F92A00D23F21 /* HYPDictionaryTests.m in Sources */ = {isa = PBXBuildFile; fileRef = 44943EBA1DA3F92A00D23F21 /* HYPDictionaryTests.m */; };
		44943ECE1DA3F92A00D23F21 /* HYPFillWithDictionaryTests.m in Sources */ = {isa = PBXBuildFile; fileRef = 44943EBB1DA3F92A00D23F21 /* HYPFillWithDictionaryTests.m */; };
		44943ECF1DA3F92A00D23F21 /* 121.xcdatamodeld in Sources */ = {isa = PBXBuildFile; fileRef = 44943EBD1DA3F92A00D23F21 /* 121.xcdatamodeld */; };
		44943ED01DA3F92A00D23F21 /* Bug112.xcdatamodeld in Sources */ = {isa = PBXBuildFile; fileRef = 44943EBF1DA3F92A00D23F21 /* Bug112.xcdatamodeld */; };
		44943ED11DA3F92A00D23F21 /* Model.xcdatamodeld in Sources */ = {isa = PBXBuildFile; fileRef = 44943EC11DA3F92A00D23F21 /* Model.xcdatamodeld */; };
		44943ED21DA3F92A00D23F21 /* Ordered.xcdatamodeld in Sources */ = {isa = PBXBuildFile; fileRef = 44943EC31DA3F92A00D23F21 /* Ordered.xcdatamodeld */; };
		44943ED31DA3F92A00D23F21 /* DateStringTransformer.m in Sources */ = {isa = PBXBuildFile; fileRef = 44943EC71DA3F92A00D23F21 /* DateStringTransformer.m */; };
		44943ED41DA3F92A00D23F21 /* HYPTestValueTransformer.m in Sources */ = {isa = PBXBuildFile; fileRef = 44943EC91DA3F92A00D23F21 /* HYPTestValueTransformer.m */; };
		44E0567B1DA3FB3600E85367 /* DATAStack.framework in Frameworks */ = {isa = PBXBuildFile; fileRef = 44E0567A1DA3FB3600E85367 /* DATAStack.framework */; };
		44E0567D1DA3FB3C00E85367 /* DATAStack.framework in Resources */ = {isa = PBXBuildFile; fileRef = 44E0567C1DA3FB3C00E85367 /* DATAStack.framework */; };
		44F8E0CD1DA3F9A6005D45AB /* NSDate+Parser.m in Sources */ = {isa = PBXBuildFile; fileRef = 44F8E0CC1DA3F9A6005D45AB /* NSDate+Parser.m */; };
		44F8E0D01DA3F9C6005D45AB /* Tests.swift in Sources */ = {isa = PBXBuildFile; fileRef = 44F8E0CF1DA3F9C6005D45AB /* Tests.swift */; };
		44F8E0D41DA3FA05005D45AB /* NSEntityDescription+SYNCPrimaryKey.m in Sources */ = {isa = PBXBuildFile; fileRef = 44F8E0D31DA3FA05005D45AB /* NSEntityDescription+SYNCPrimaryKey.m */; };
		44F8E0D91DA3FA1F005D45AB /* Pod.xcdatamodeld in Sources */ = {isa = PBXBuildFile; fileRef = 44F8E0D61DA3FA1F005D45AB /* Pod.xcdatamodeld */; };
		44F8E0DA1DA3FA1F005D45AB /* Tests.m in Sources */ = {isa = PBXBuildFile; fileRef = 44F8E0D81DA3FA1F005D45AB /* Tests.m */; };
		44F8E0DE1DA3FA48005D45AB /* NSString+HYPNetworking.m in Sources */ = {isa = PBXBuildFile; fileRef = 44F8E0DD1DA3FA48005D45AB /* NSString+HYPNetworking.m */; };
		44F8E0E11DA3FA62005D45AB /* Tests.m in Sources */ = {isa = PBXBuildFile; fileRef = 44F8E0E01DA3FA62005D45AB /* Tests.m */; };
/* End PBXBuildFile section */

/* Begin PBXFileReference section */
		14260D2B1BDD5D2100E6A83B /* Info.plist */ = {isa = PBXFileReference; fileEncoding = 4; lastKnownFileType = text.plist.xml; path = Info.plist; sourceTree = "<group>"; };
		146D72AC1AB782920058798C /* Tests.xctest */ = {isa = PBXFileReference; explicitFileType = wrapper.cfbundle; includeInIndex = 0; path = Tests.xctest; sourceTree = BUILT_PRODUCTS_DIR; };
		14C0AF7F1BD6D4230009ECBE /* .slather.yml */ = {isa = PBXFileReference; lastKnownFileType = text; path = .slather.yml; sourceTree = "<group>"; };
		14C0AF801BD6D4230009ECBE /* .travis.yml */ = {isa = PBXFileReference; lastKnownFileType = text; path = .travis.yml; sourceTree = "<group>"; };
		14C0AF811BD6D4230009ECBE /* CHANGELOG.md */ = {isa = PBXFileReference; lastKnownFileType = net.daringfireball.markdown; path = CHANGELOG.md; sourceTree = "<group>"; };
		14C0AF821BD6D4230009ECBE /* CONTRIBUTING.md */ = {isa = PBXFileReference; lastKnownFileType = net.daringfireball.markdown; path = CONTRIBUTING.md; sourceTree = "<group>"; };
		14C0AF831BD6D4230009ECBE /* README.md */ = {isa = PBXFileReference; lastKnownFileType = net.daringfireball.markdown; path = README.md; sourceTree = "<group>"; };
		44943EB01DA3F91A00D23F21 /* NSManagedObject+HYPPropertyMapper.h */ = {isa = PBXFileReference; fileEncoding = 4; lastKnownFileType = sourcecode.c.h; path = "NSManagedObject+HYPPropertyMapper.h"; sourceTree = "<group>"; };
		44943EB11DA3F91A00D23F21 /* NSManagedObject+HYPPropertyMapper.m */ = {isa = PBXFileReference; fileEncoding = 4; lastKnownFileType = sourcecode.c.objc; path = "NSManagedObject+HYPPropertyMapper.m"; sourceTree = "<group>"; };
		44943EB21DA3F91A00D23F21 /* NSManagedObject+HYPPropertyMapperHelpers.h */ = {isa = PBXFileReference; fileEncoding = 4; lastKnownFileType = sourcecode.c.h; path = "NSManagedObject+HYPPropertyMapperHelpers.h"; sourceTree = "<group>"; };
		44943EB31DA3F91A00D23F21 /* NSManagedObject+HYPPropertyMapperHelpers.m */ = {isa = PBXFileReference; fileEncoding = 4; lastKnownFileType = sourcecode.c.objc; path = "NSManagedObject+HYPPropertyMapperHelpers.m"; sourceTree = "<group>"; };
		44943EB71DA3F92A00D23F21 /* FillWithDictionaryTests.swift */ = {isa = PBXFileReference; fileEncoding = 4; lastKnownFileType = sourcecode.swift; path = FillWithDictionaryTests.swift; sourceTree = "<group>"; };
		44943EB81DA3F92A00D23F21 /* Helper.swift */ = {isa = PBXFileReference; fileEncoding = 4; lastKnownFileType = sourcecode.swift; path = Helper.swift; sourceTree = "<group>"; };
		44943EB91DA3F92A00D23F21 /* HelperTests.m */ = {isa = PBXFileReference; fileEncoding = 4; lastKnownFileType = sourcecode.c.objc; path = HelperTests.m; sourceTree = "<group>"; };
		44943EBA1DA3F92A00D23F21 /* HYPDictionaryTests.m */ = {isa = PBXFileReference; fileEncoding = 4; lastKnownFileType = sourcecode.c.objc; path = HYPDictionaryTests.m; sourceTree = "<group>"; };
		44943EBB1DA3F92A00D23F21 /* HYPFillWithDictionaryTests.m */ = {isa = PBXFileReference; fileEncoding = 4; lastKnownFileType = sourcecode.c.objc; path = HYPFillWithDictionaryTests.m; sourceTree = "<group>"; };
		44943EBE1DA3F92A00D23F21 /* Model.xcdatamodel */ = {isa = PBXFileReference; lastKnownFileType = wrapper.xcdatamodel; path = Model.xcdatamodel; sourceTree = "<group>"; };
		44943EC01DA3F92A00D23F21 /* hypbug.xcdatamodel */ = {isa = PBXFileReference; lastKnownFileType = wrapper.xcdatamodel; path = hypbug.xcdatamodel; sourceTree = "<group>"; };
		44943EC21DA3F92A00D23F21 /* Model.xcdatamodel */ = {isa = PBXFileReference; lastKnownFileType = wrapper.xcdatamodel; path = Model.xcdatamodel; sourceTree = "<group>"; };
		44943EC41DA3F92A00D23F21 /* Ordered.xcdatamodel */ = {isa = PBXFileReference; lastKnownFileType = wrapper.xcdatamodel; path = Ordered.xcdatamodel; sourceTree = "<group>"; };
		44943EC61DA3F92A00D23F21 /* DateStringTransformer.h */ = {isa = PBXFileReference; fileEncoding = 4; lastKnownFileType = sourcecode.c.h; path = DateStringTransformer.h; sourceTree = "<group>"; };
		44943EC71DA3F92A00D23F21 /* DateStringTransformer.m */ = {isa = PBXFileReference; fileEncoding = 4; lastKnownFileType = sourcecode.c.objc; path = DateStringTransformer.m; sourceTree = "<group>"; };
		44943EC81DA3F92A00D23F21 /* HYPTestValueTransformer.h */ = {isa = PBXFileReference; fileEncoding = 4; lastKnownFileType = sourcecode.c.h; path = HYPTestValueTransformer.h; sourceTree = "<group>"; };
		44943EC91DA3F92A00D23F21 /* HYPTestValueTransformer.m */ = {isa = PBXFileReference; fileEncoding = 4; lastKnownFileType = sourcecode.c.objc; path = HYPTestValueTransformer.m; sourceTree = "<group>"; };
		44E0567A1DA3FB3600E85367 /* DATAStack.framework */ = {isa = PBXFileReference; lastKnownFileType = wrapper.framework; name = DATAStack.framework; path = Carthage/Build/iOS/DATAStack.framework; sourceTree = "<group>"; };
		44E0567C1DA3FB3C00E85367 /* DATAStack.framework */ = {isa = PBXFileReference; lastKnownFileType = wrapper.framework; name = DATAStack.framework; path = Carthage/Build/iOS/DATAStack.framework; sourceTree = "<group>"; };
		44E0567E1DA3FBE800E85367 /* BridgingHeader.h */ = {isa = PBXFileReference; fileEncoding = 4; lastKnownFileType = sourcecode.c.h; path = BridgingHeader.h; sourceTree = "<group>"; };
		44F8E0CB1DA3F9A6005D45AB /* NSDate+Parser.h */ = {isa = PBXFileReference; fileEncoding = 4; lastKnownFileType = sourcecode.c.h; path = "NSDate+Parser.h"; sourceTree = "<group>"; };
		44F8E0CC1DA3F9A6005D45AB /* NSDate+Parser.m */ = {isa = PBXFileReference; fileEncoding = 4; lastKnownFileType = sourcecode.c.objc; path = "NSDate+Parser.m"; sourceTree = "<group>"; };
		44F8E0CF1DA3F9C6005D45AB /* Tests.swift */ = {isa = PBXFileReference; fileEncoding = 4; lastKnownFileType = sourcecode.swift; path = Tests.swift; sourceTree = "<group>"; };
		44F8E0D21DA3FA05005D45AB /* NSEntityDescription+SYNCPrimaryKey.h */ = {isa = PBXFileReference; fileEncoding = 4; lastKnownFileType = sourcecode.c.h; path = "NSEntityDescription+SYNCPrimaryKey.h"; sourceTree = "<group>"; };
		44F8E0D31DA3FA05005D45AB /* NSEntityDescription+SYNCPrimaryKey.m */ = {isa = PBXFileReference; fileEncoding = 4; lastKnownFileType = sourcecode.c.objc; path = "NSEntityDescription+SYNCPrimaryKey.m"; sourceTree = "<group>"; };
		44F8E0D71DA3FA1F005D45AB /* Demo.xcdatamodel */ = {isa = PBXFileReference; lastKnownFileType = wrapper.xcdatamodel; path = Demo.xcdatamodel; sourceTree = "<group>"; };
		44F8E0D81DA3FA1F005D45AB /* Tests.m */ = {isa = PBXFileReference; fileEncoding = 4; lastKnownFileType = sourcecode.c.objc; path = Tests.m; sourceTree = "<group>"; };
		44F8E0DC1DA3FA48005D45AB /* NSString+HYPNetworking.h */ = {isa = PBXFileReference; fileEncoding = 4; lastKnownFileType = sourcecode.c.h; path = "NSString+HYPNetworking.h"; sourceTree = "<group>"; };
		44F8E0DD1DA3FA48005D45AB /* NSString+HYPNetworking.m */ = {isa = PBXFileReference; fileEncoding = 4; lastKnownFileType = sourcecode.c.objc; path = "NSString+HYPNetworking.m"; sourceTree = "<group>"; };
		44F8E0E01DA3FA62005D45AB /* Tests.m */ = {isa = PBXFileReference; fileEncoding = 4; lastKnownFileType = sourcecode.c.objc; path = Tests.m; sourceTree = "<group>"; };
		A270238462A3030B20904C17 /* Pods.framework */ = {isa = PBXFileReference; explicitFileType = wrapper.framework; includeInIndex = 0; path = Pods.framework; sourceTree = BUILT_PRODUCTS_DIR; };
/* End PBXFileReference section */

/* Begin PBXFrameworksBuildPhase section */
		146D72A91AB782920058798C /* Frameworks */ = {
			isa = PBXFrameworksBuildPhase;
			buildActionMask = 2147483647;
			files = (
				44E0567B1DA3FB3600E85367 /* DATAStack.framework in Frameworks */,
			);
			runOnlyForDeploymentPostprocessing = 0;
		};
/* End PBXFrameworksBuildPhase section */

/* Begin PBXGroup section */
		1443F1981D94484A004E1FA5 /* Source */ = {
			isa = PBXGroup;
			children = (
				44F8E0DB1DA3FA48005D45AB /* NSString-HYPNetworking */,
				44F8E0D11DA3FA05005D45AB /* NSEntityDescription-SYNCPrimaryKey */,
				44F8E0CA1DA3F9A6005D45AB /* DateParser */,
				44943EAF1DA3F91A00D23F21 /* NSManagedObject+HYPPropertyMapper */,
			);
			path = Source;
			sourceTree = "<group>";
		};
		146D728A1AB782920058798C = {
			isa = PBXGroup;
			children = (
				1443F1981D94484A004E1FA5 /* Source */,
				14C136501AB7849300B7B07A /* Metadata */,
				146D72AF1AB782920058798C /* Tests */,
				146D72941AB782920058798C /* Products */,
				89EE9DB533D15584F9C7F761 /* Frameworks */,
			);
			indentWidth = 4;
			sourceTree = "<group>";
			tabWidth = 4;
		};
		146D72941AB782920058798C /* Products */ = {
			isa = PBXGroup;
			children = (
				146D72AC1AB782920058798C /* Tests.xctest */,
			);
			name = Products;
			sourceTree = "<group>";
		};
		146D72AF1AB782920058798C /* Tests */ = {
			isa = PBXGroup;
			children = (
				44F8E0DF1DA3FA62005D45AB /* NSString-HYPNetworking */,
				44F8E0D51DA3FA1F005D45AB /* NSEntityDescription-SYNCPrimaryKey */,
				44F8E0CE1DA3F9C6005D45AB /* DateParser */,
				44943EB61DA3F92A00D23F21 /* NSManagedObject+HYPPropertyMapper */,
				14260D2B1BDD5D2100E6A83B /* Info.plist */,
				44E0567E1DA3FBE800E85367 /* BridgingHeader.h */,
			);
			path = Tests;
			sourceTree = "<group>";
		};
		14C136501AB7849300B7B07A /* Metadata */ = {
			isa = PBXGroup;
			children = (
				14C0AF7F1BD6D4230009ECBE /* .slather.yml */,
				14C0AF801BD6D4230009ECBE /* .travis.yml */,
				14C0AF811BD6D4230009ECBE /* CHANGELOG.md */,
				14C0AF821BD6D4230009ECBE /* CONTRIBUTING.md */,
				14C0AF831BD6D4230009ECBE /* README.md */,
			);
			name = Metadata;
			sourceTree = "<group>";
		};
		44943EAF1DA3F91A00D23F21 /* NSManagedObject+HYPPropertyMapper */ = {
			isa = PBXGroup;
			children = (
				44943EB01DA3F91A00D23F21 /* NSManagedObject+HYPPropertyMapper.h */,
				44943EB11DA3F91A00D23F21 /* NSManagedObject+HYPPropertyMapper.m */,
				44943EB21DA3F91A00D23F21 /* NSManagedObject+HYPPropertyMapperHelpers.h */,
				44943EB31DA3F91A00D23F21 /* NSManagedObject+HYPPropertyMapperHelpers.m */,
			);
			path = "NSManagedObject+HYPPropertyMapper";
			sourceTree = "<group>";
		};
		44943EB61DA3F92A00D23F21 /* NSManagedObject+HYPPropertyMapper */ = {
			isa = PBXGroup;
			children = (
				44943EB71DA3F92A00D23F21 /* FillWithDictionaryTests.swift */,
				44943EB81DA3F92A00D23F21 /* Helper.swift */,
				44943EB91DA3F92A00D23F21 /* HelperTests.m */,
				44943EBA1DA3F92A00D23F21 /* HYPDictionaryTests.m */,
				44943EBB1DA3F92A00D23F21 /* HYPFillWithDictionaryTests.m */,
				44943EBC1DA3F92A00D23F21 /* Models */,
				44943EC51DA3F92A00D23F21 /* Transformers */,
			);
			path = "NSManagedObject+HYPPropertyMapper";
			sourceTree = "<group>";
		};
		44943EBC1DA3F92A00D23F21 /* Models */ = {
			isa = PBXGroup;
			children = (
				44943EBD1DA3F92A00D23F21 /* 121.xcdatamodeld */,
				44943EBF1DA3F92A00D23F21 /* Bug112.xcdatamodeld */,
				44943EC11DA3F92A00D23F21 /* Model.xcdatamodeld */,
				44943EC31DA3F92A00D23F21 /* Ordered.xcdatamodeld */,
			);
			path = Models;
			sourceTree = "<group>";
		};
		44943EC51DA3F92A00D23F21 /* Transformers */ = {
			isa = PBXGroup;
			children = (
				44943EC61DA3F92A00D23F21 /* DateStringTransformer.h */,
				44943EC71DA3F92A00D23F21 /* DateStringTransformer.m */,
				44943EC81DA3F92A00D23F21 /* HYPTestValueTransformer.h */,
				44943EC91DA3F92A00D23F21 /* HYPTestValueTransformer.m */,
			);
			path = Transformers;
			sourceTree = "<group>";
		};
		44F8E0CA1DA3F9A6005D45AB /* DateParser */ = {
			isa = PBXGroup;
			children = (
				44F8E0CB1DA3F9A6005D45AB /* NSDate+Parser.h */,
				44F8E0CC1DA3F9A6005D45AB /* NSDate+Parser.m */,
			);
			path = DateParser;
			sourceTree = "<group>";
		};
		44F8E0CE1DA3F9C6005D45AB /* DateParser */ = {
			isa = PBXGroup;
			children = (
				44F8E0CF1DA3F9C6005D45AB /* Tests.swift */,
			);
			path = DateParser;
			sourceTree = "<group>";
		};
		44F8E0D11DA3FA05005D45AB /* NSEntityDescription-SYNCPrimaryKey */ = {
			isa = PBXGroup;
			children = (
				44F8E0D21DA3FA05005D45AB /* NSEntityDescription+SYNCPrimaryKey.h */,
				44F8E0D31DA3FA05005D45AB /* NSEntityDescription+SYNCPrimaryKey.m */,
			);
			path = "NSEntityDescription-SYNCPrimaryKey";
			sourceTree = "<group>";
		};
		44F8E0D51DA3FA1F005D45AB /* NSEntityDescription-SYNCPrimaryKey */ = {
			isa = PBXGroup;
			children = (
				44F8E0D61DA3FA1F005D45AB /* Pod.xcdatamodeld */,
				44F8E0D81DA3FA1F005D45AB /* Tests.m */,
			);
			path = "NSEntityDescription-SYNCPrimaryKey";
			sourceTree = "<group>";
		};
		44F8E0DB1DA3FA48005D45AB /* NSString-HYPNetworking */ = {
			isa = PBXGroup;
			children = (
				44F8E0DC1DA3FA48005D45AB /* NSString+HYPNetworking.h */,
				44F8E0DD1DA3FA48005D45AB /* NSString+HYPNetworking.m */,
			);
			path = "NSString-HYPNetworking";
			sourceTree = "<group>";
		};
		44F8E0DF1DA3FA62005D45AB /* NSString-HYPNetworking */ = {
			isa = PBXGroup;
			children = (
				44F8E0E01DA3FA62005D45AB /* Tests.m */,
			);
			path = "NSString-HYPNetworking";
			sourceTree = "<group>";
		};
		89EE9DB533D15584F9C7F761 /* Frameworks */ = {
			isa = PBXGroup;
			children = (
				44E0567C1DA3FB3C00E85367 /* DATAStack.framework */,
				44E0567A1DA3FB3600E85367 /* DATAStack.framework */,
				A270238462A3030B20904C17 /* Pods.framework */,
			);
			name = Frameworks;
			sourceTree = "<group>";
		};
/* End PBXGroup section */

/* Begin PBXNativeTarget section */
		146D72AB1AB782920058798C /* Tests */ = {
			isa = PBXNativeTarget;
			buildConfigurationList = 146D72B91AB782920058798C /* Build configuration list for PBXNativeTarget "Tests" */;
			buildPhases = (
				146D72A81AB782920058798C /* Sources */,
				146D72A91AB782920058798C /* Frameworks */,
				146D72AA1AB782920058798C /* Resources */,
			);
			buildRules = (
			);
			dependencies = (
			);
			name = Tests;
			productName = PodTests;
			productReference = 146D72AC1AB782920058798C /* Tests.xctest */;
			productType = "com.apple.product-type.bundle.unit-test";
		};
/* End PBXNativeTarget section */

/* Begin PBXProject section */
		146D728B1AB782920058798C /* Project object */ = {
			isa = PBXProject;
			attributes = {
				CLASSPREFIX = "";
				LastSwiftUpdateCheck = 0730;
				LastUpgradeCheck = 0800;
				ORGANIZATIONNAME = "";
				TargetAttributes = {
					146D72AB1AB782920058798C = {
						CreatedOnToolsVersion = 6.2;
						DevelopmentTeam = C6K65RDJHL;
						LastSwiftMigration = 0800;
					};
				};
			};
			buildConfigurationList = 146D728E1AB782920058798C /* Build configuration list for PBXProject "Demo" */;
			compatibilityVersion = "Xcode 3.2";
			developmentRegion = English;
			hasScannedForEncodings = 0;
			knownRegions = (
				en,
				Base,
			);
			mainGroup = 146D728A1AB782920058798C;
			productRefGroup = 146D72941AB782920058798C /* Products */;
			projectDirPath = "";
			projectRoot = "";
			targets = (
				146D72AB1AB782920058798C /* Tests */,
			);
		};
/* End PBXProject section */

/* Begin PBXResourcesBuildPhase section */
		146D72AA1AB782920058798C /* Resources */ = {
			isa = PBXResourcesBuildPhase;
			buildActionMask = 2147483647;
			files = (
				44E0567D1DA3FB3C00E85367 /* DATAStack.framework in Resources */,
			);
			runOnlyForDeploymentPostprocessing = 0;
		};
/* End PBXResourcesBuildPhase section */

/* Begin PBXSourcesBuildPhase section */
		146D72A81AB782920058798C /* Sources */ = {
			isa = PBXSourcesBuildPhase;
			buildActionMask = 2147483647;
			files = (
				44943ED01DA3F92A00D23F21 /* Bug112.xcdatamodeld in Sources */,
				44F8E0D01DA3F9C6005D45AB /* Tests.swift in Sources */,
				44943ECF1DA3F92A00D23F21 /* 121.xcdatamodeld in Sources */,
				44F8E0DA1DA3FA1F005D45AB /* Tests.m in Sources */,
				44943EB41DA3F91A00D23F21 /* NSManagedObject+HYPPropertyMapper.m in Sources */,
				44943ECB1DA3F92A00D23F21 /* Helper.swift in Sources */,
				44943ED21DA3F92A00D23F21 /* Ordered.xcdatamodeld in Sources */,
				44F8E0D91DA3FA1F005D45AB /* Pod.xcdatamodeld in Sources */,
				44F8E0D41DA3FA05005D45AB /* NSEntityDescription+SYNCPrimaryKey.m in Sources */,
				44943EB51DA3F91A00D23F21 /* NSManagedObject+HYPPropertyMapperHelpers.m in Sources */,
				44943ECA1DA3F92A00D23F21 /* FillWithDictionaryTests.swift in Sources */,
				44F8E0CD1DA3F9A6005D45AB /* NSDate+Parser.m in Sources */,
				44F8E0DE1DA3FA48005D45AB /* NSString+HYPNetworking.m in Sources */,
				44F8E0E11DA3FA62005D45AB /* Tests.m in Sources */,
				44943ED31DA3F92A00D23F21 /* DateStringTransformer.m in Sources */,
				44943ED41DA3F92A00D23F21 /* HYPTestValueTransformer.m in Sources */,
				44943ECC1DA3F92A00D23F21 /* HelperTests.m in Sources */,
				44943ECE1DA3F92A00D23F21 /* HYPFillWithDictionaryTests.m in Sources */,
				44943ECD1DA3F92A00D23F21 /* HYPDictionaryTests.m in Sources */,
				44943ED11DA3F92A00D23F21 /* Model.xcdatamodeld in Sources */,
			);
			runOnlyForDeploymentPostprocessing = 0;
		};
/* End PBXSourcesBuildPhase section */

/* Begin XCBuildConfiguration section */
		146D72B41AB782920058798C /* Debug */ = {
			isa = XCBuildConfiguration;
			buildSettings = {
				ALWAYS_SEARCH_USER_PATHS = NO;
				CLANG_CXX_LANGUAGE_STANDARD = "gnu++0x";
				CLANG_CXX_LIBRARY = "libc++";
				CLANG_ENABLE_MODULES = YES;
				CLANG_ENABLE_OBJC_ARC = YES;
				CLANG_WARN_BOOL_CONVERSION = YES;
				CLANG_WARN_CONSTANT_CONVERSION = YES;
				CLANG_WARN_DIRECT_OBJC_ISA_USAGE = YES_ERROR;
				CLANG_WARN_EMPTY_BODY = YES;
				CLANG_WARN_ENUM_CONVERSION = YES;
				CLANG_WARN_INFINITE_RECURSION = YES;
				CLANG_WARN_INT_CONVERSION = YES;
				CLANG_WARN_OBJC_ROOT_CLASS = YES_ERROR;
				CLANG_WARN_SUSPICIOUS_MOVE = YES;
				CLANG_WARN_UNREACHABLE_CODE = YES;
				CLANG_WARN__DUPLICATE_METHOD_MATCH = YES;
				"CODE_SIGN_IDENTITY[sdk=iphoneos*]" = "iPhone Developer";
				COPY_PHASE_STRIP = NO;
				ENABLE_STRICT_OBJC_MSGSEND = YES;
				ENABLE_TESTABILITY = YES;
				GCC_C_LANGUAGE_STANDARD = gnu99;
				GCC_DYNAMIC_NO_PIC = NO;
				GCC_NO_COMMON_BLOCKS = YES;
				GCC_OPTIMIZATION_LEVEL = 0;
				GCC_PREPROCESSOR_DEFINITIONS = (
					"DEBUG=1",
					"$(inherited)",
				);
				GCC_SYMBOLS_PRIVATE_EXTERN = NO;
				GCC_WARN_64_TO_32_BIT_CONVERSION = YES;
				GCC_WARN_ABOUT_RETURN_TYPE = YES_ERROR;
				GCC_WARN_UNDECLARED_SELECTOR = YES;
				GCC_WARN_UNINITIALIZED_AUTOS = YES_AGGRESSIVE;
				GCC_WARN_UNUSED_FUNCTION = YES;
				GCC_WARN_UNUSED_VARIABLE = YES;
				IPHONEOS_DEPLOYMENT_TARGET = 8.0;
				MTL_ENABLE_DEBUG_INFO = YES;
				ONLY_ACTIVE_ARCH = YES;
				SDKROOT = iphoneos;
			};
			name = Debug;
		};
		146D72B51AB782920058798C /* Release */ = {
			isa = XCBuildConfiguration;
			buildSettings = {
				ALWAYS_SEARCH_USER_PATHS = NO;
				CLANG_CXX_LANGUAGE_STANDARD = "gnu++0x";
				CLANG_CXX_LIBRARY = "libc++";
				CLANG_ENABLE_MODULES = YES;
				CLANG_ENABLE_OBJC_ARC = YES;
				CLANG_WARN_BOOL_CONVERSION = YES;
				CLANG_WARN_CONSTANT_CONVERSION = YES;
				CLANG_WARN_DIRECT_OBJC_ISA_USAGE = YES_ERROR;
				CLANG_WARN_EMPTY_BODY = YES;
				CLANG_WARN_ENUM_CONVERSION = YES;
				CLANG_WARN_INFINITE_RECURSION = YES;
				CLANG_WARN_INT_CONVERSION = YES;
				CLANG_WARN_OBJC_ROOT_CLASS = YES_ERROR;
				CLANG_WARN_SUSPICIOUS_MOVE = YES;
				CLANG_WARN_UNREACHABLE_CODE = YES;
				CLANG_WARN__DUPLICATE_METHOD_MATCH = YES;
				"CODE_SIGN_IDENTITY[sdk=iphoneos*]" = "iPhone Developer";
				COPY_PHASE_STRIP = NO;
				ENABLE_NS_ASSERTIONS = NO;
				ENABLE_STRICT_OBJC_MSGSEND = YES;
				GCC_C_LANGUAGE_STANDARD = gnu99;
				GCC_NO_COMMON_BLOCKS = YES;
				GCC_WARN_64_TO_32_BIT_CONVERSION = YES;
				GCC_WARN_ABOUT_RETURN_TYPE = YES_ERROR;
				GCC_WARN_UNDECLARED_SELECTOR = YES;
				GCC_WARN_UNINITIALIZED_AUTOS = YES_AGGRESSIVE;
				GCC_WARN_UNUSED_FUNCTION = YES;
				GCC_WARN_UNUSED_VARIABLE = YES;
				IPHONEOS_DEPLOYMENT_TARGET = 8.0;
				MTL_ENABLE_DEBUG_INFO = NO;
				SDKROOT = iphoneos;
				SWIFT_OPTIMIZATION_LEVEL = "-Owholemodule";
				VALIDATE_PRODUCT = YES;
			};
			name = Release;
		};
		146D72BA1AB782920058798C /* Debug */ = {
			isa = XCBuildConfiguration;
			buildSettings = {
				ALWAYS_EMBED_SWIFT_STANDARD_LIBRARIES = YES;
				CLANG_ENABLE_MODULES = YES;
				DEVELOPMENT_TEAM = C6K65RDJHL;
				FRAMEWORK_SEARCH_PATHS = (
					"$(inherited)",
					"$(PROJECT_DIR)/Carthage/Build/iOS",
				);
				GCC_PREPROCESSOR_DEFINITIONS = (
					"DEBUG=1",
					"$(inherited)",
				);
				INFOPLIST_FILE = Tests/Info.plist;
				LD_RUNPATH_SEARCH_PATHS = "$(inherited) @executable_path/Frameworks @loader_path/Frameworks";
				PRODUCT_BUNDLE_IDENTIFIER = "com.sample.$(PRODUCT_NAME:rfc1034identifier)";
				PRODUCT_NAME = "$(TARGET_NAME)";
				SWIFT_OBJC_BRIDGING_HEADER = Tests/BridgingHeader.h;
				SWIFT_OPTIMIZATION_LEVEL = "-Onone";
				SWIFT_VERSION = 3.0;
			};
			name = Debug;
		};
		146D72BB1AB782920058798C /* Release */ = {
			isa = XCBuildConfiguration;
			buildSettings = {
				ALWAYS_EMBED_SWIFT_STANDARD_LIBRARIES = YES;
				CLANG_ENABLE_MODULES = YES;
				DEVELOPMENT_TEAM = C6K65RDJHL;
				FRAMEWORK_SEARCH_PATHS = (
					"$(inherited)",
					"$(PROJECT_DIR)/Carthage/Build/iOS",
				);
				INFOPLIST_FILE = Tests/Info.plist;
				LD_RUNPATH_SEARCH_PATHS = "$(inherited) @executable_path/Frameworks @loader_path/Frameworks";
				PRODUCT_BUNDLE_IDENTIFIER = "com.sample.$(PRODUCT_NAME:rfc1034identifier)";
				PRODUCT_NAME = "$(TARGET_NAME)";
				SWIFT_OBJC_BRIDGING_HEADER = Tests/BridgingHeader.h;
				SWIFT_VERSION = 3.0;
			};
			name = Release;
		};
/* End XCBuildConfiguration section */

/* Begin XCConfigurationList section */
		146D728E1AB782920058798C /* Build configuration list for PBXProject "Demo" */ = {
			isa = XCConfigurationList;
			buildConfigurations = (
				146D72B41AB782920058798C /* Debug */,
				146D72B51AB782920058798C /* Release */,
			);
			defaultConfigurationIsVisible = 0;
			defaultConfigurationName = Release;
		};
		146D72B91AB782920058798C /* Build configuration list for PBXNativeTarget "Tests" */ = {
			isa = XCConfigurationList;
			buildConfigurations = (
				146D72BA1AB782920058798C /* Debug */,
				146D72BB1AB782920058798C /* Release */,
			);
			defaultConfigurationIsVisible = 0;
			defaultConfigurationName = Release;
		};
/* End XCConfigurationList section */

/* Begin XCVersionGroup section */
		44943EBD1DA3F92A00D23F21 /* 121.xcdatamodeld */ = {
			isa = XCVersionGroup;
			children = (
				44943EBE1DA3F92A00D23F21 /* Model.xcdatamodel */,
			);
			currentVersion = 44943EBE1DA3F92A00D23F21 /* Model.xcdatamodel */;
			path = 121.xcdatamodeld;
			sourceTree = "<group>";
			versionGroupType = wrapper.xcdatamodel;
		};
		44943EBF1DA3F92A00D23F21 /* Bug112.xcdatamodeld */ = {
			isa = XCVersionGroup;
			children = (
				44943EC01DA3F92A00D23F21 /* hypbug.xcdatamodel */,
			);
			currentVersion = 44943EC01DA3F92A00D23F21 /* hypbug.xcdatamodel */;
			path = Bug112.xcdatamodeld;
			sourceTree = "<group>";
			versionGroupType = wrapper.xcdatamodel;
		};
		44943EC11DA3F92A00D23F21 /* Model.xcdatamodeld */ = {
			isa = XCVersionGroup;
			children = (
				44943EC21DA3F92A00D23F21 /* Model.xcdatamodel */,
			);
			currentVersion = 44943EC21DA3F92A00D23F21 /* Model.xcdatamodel */;
			path = Model.xcdatamodeld;
			sourceTree = "<group>";
			versionGroupType = wrapper.xcdatamodel;
		};
		44943EC31DA3F92A00D23F21 /* Ordered.xcdatamodeld */ = {
			isa = XCVersionGroup;
			children = (
				44943EC41DA3F92A00D23F21 /* Ordered.xcdatamodel */,
			);
			currentVersion = 44943EC41DA3F92A00D23F21 /* Ordered.xcdatamodel */;
			path = Ordered.xcdatamodeld;
			sourceTree = "<group>";
			versionGroupType = wrapper.xcdatamodel;
		};
		44F8E0D61DA3FA1F005D45AB /* Pod.xcdatamodeld */ = {
			isa = XCVersionGroup;
			children = (
				44F8E0D71DA3FA1F005D45AB /* Demo.xcdatamodel */,
			);
			currentVersion = 44F8E0D71DA3FA1F005D45AB /* Demo.xcdatamodel */;
			path = Pod.xcdatamodeld;
			sourceTree = "<group>";
			versionGroupType = wrapper.xcdatamodel;
		};
/* End XCVersionGroup section */
	};
	rootObject = 146D728B1AB782920058798C /* Project object */;
}
