// !$*UTF8*$!
{
	archiveVersion = 1;
	classes = {
	};
	objectVersion = 46;
	objects = {

/* Begin PBXBuildFile section */
		140679691DBA1C4F00381990 /* NSString+SYNCInflections.m in Sources */ = {isa = PBXBuildFile; fileRef = 140679681DBA1C4F00381990 /* NSString+SYNCInflections.m */; };
		1406796C1DBA1C9B00381990 /* NSString_SYNCInflectionsTests.m in Sources */ = {isa = PBXBuildFile; fileRef = 1406796B1DBA1C9B00381990 /* NSString_SYNCInflectionsTests.m */; };
		141393221DBA19AC0027D53A /* NSManagedObject+SYNCPropertyMapper.m in Sources */ = {isa = PBXBuildFile; fileRef = 1413931F1DBA19AC0027D53A /* NSManagedObject+SYNCPropertyMapper.m */; };
		141393231DBA19AC0027D53A /* NSManagedObject+SYNCPropertyMapperHelpers.m in Sources */ = {isa = PBXBuildFile; fileRef = 141393211DBA19AC0027D53A /* NSManagedObject+SYNCPropertyMapperHelpers.m */; };
		141393381DBA19B60027D53A /* FillWithDictionaryTests.swift in Sources */ = {isa = PBXBuildFile; fileRef = 141393251DBA19B60027D53A /* FillWithDictionaryTests.swift */; };
		141393391DBA19B60027D53A /* Helper.swift in Sources */ = {isa = PBXBuildFile; fileRef = 141393261DBA19B60027D53A /* Helper.swift */; };
		1413933A1DBA19B60027D53A /* HelperTests.m in Sources */ = {isa = PBXBuildFile; fileRef = 141393271DBA19B60027D53A /* HelperTests.m */; };
		1413933B1DBA19B60027D53A /* HYPDictionaryTests.m in Sources */ = {isa = PBXBuildFile; fileRef = 141393281DBA19B60027D53A /* HYPDictionaryTests.m */; };
		1413933C1DBA19B60027D53A /* HYPFillWithDictionaryTests.m in Sources */ = {isa = PBXBuildFile; fileRef = 141393291DBA19B60027D53A /* HYPFillWithDictionaryTests.m */; };
		1413933D1DBA19B60027D53A /* 121.xcdatamodeld in Sources */ = {isa = PBXBuildFile; fileRef = 1413932B1DBA19B60027D53A /* 121.xcdatamodeld */; };
		1413933F1DBA19B60027D53A /* Model.xcdatamodeld in Sources */ = {isa = PBXBuildFile; fileRef = 1413932F1DBA19B60027D53A /* Model.xcdatamodeld */; };
		141393401DBA19B60027D53A /* Ordered.xcdatamodeld in Sources */ = {isa = PBXBuildFile; fileRef = 141393311DBA19B60027D53A /* Ordered.xcdatamodeld */; };
		141393411DBA19B60027D53A /* DateStringTransformer.m in Sources */ = {isa = PBXBuildFile; fileRef = 141393351DBA19B60027D53A /* DateStringTransformer.m */; };
		141393421DBA19B60027D53A /* HYPTestValueTransformer.m in Sources */ = {isa = PBXBuildFile; fileRef = 141393371DBA19B60027D53A /* HYPTestValueTransformer.m */; };
		141FFA851DBBE95500356E72 /* BadAPIValueTransformer.swift in Sources */ = {isa = PBXBuildFile; fileRef = 141FFA841DBBE95500356E72 /* BadAPIValueTransformer.swift */; };
		141FFA881DBBE99B00356E72 /* 129.xcdatamodeld in Sources */ = {isa = PBXBuildFile; fileRef = 141FFA861DBBE99B00356E72 /* 129.xcdatamodeld */; };
		142C958B1DA4178F00F9F32F /* NSDate+SYNCPropertyMapper.m in Sources */ = {isa = PBXBuildFile; fileRef = 142C957E1DA4178F00F9F32F /* NSDate+SYNCPropertyMapper.m */; };
		142C958C1DA4178F00F9F32F /* NSEntityDescription+SYNCPrimaryKey.m in Sources */ = {isa = PBXBuildFile; fileRef = 142C95811DA4178F00F9F32F /* NSEntityDescription+SYNCPrimaryKey.m */; };
		142C95AF1DA4179F00F9F32F /* DateTests.swift in Sources */ = {isa = PBXBuildFile; fileRef = 142C95921DA4179F00F9F32F /* DateTests.swift */; };
		142C95B11DA4179F00F9F32F /* Pod.xcdatamodeld in Sources */ = {isa = PBXBuildFile; fileRef = 142C95961DA4179F00F9F32F /* Pod.xcdatamodeld */; };
		142C95B21DA4179F00F9F32F /* PrimaryKeyTests.m in Sources */ = {isa = PBXBuildFile; fileRef = 142C95981DA4179F00F9F32F /* PrimaryKeyTests.m */; };
		14441D131DBBE0770082F633 /* 112.xcdatamodeld in Sources */ = {isa = PBXBuildFile; fileRef = 14441D111DBBE0770082F633 /* 112.xcdatamodeld */; };
		1476902D1DBA4E570050431C /* 123.xcdatamodeld in Sources */ = {isa = PBXBuildFile; fileRef = 1476902B1DBA4E570050431C /* 123.xcdatamodeld */; };
		14FE523F1DA4182000A55BE4 /* DATAStack.framework in Frameworks */ = {isa = PBXBuildFile; fileRef = 14FE523E1DA4182000A55BE4 /* DATAStack.framework */; };
		14FE52411DA4182600A55BE4 /* DATAStack.framework in CopyFiles */ = {isa = PBXBuildFile; fileRef = 14FE52401DA4182600A55BE4 /* DATAStack.framework */; settings = {ATTRIBUTES = (CodeSignOnCopy, RemoveHeadersOnCopy, ); }; };
/* End PBXBuildFile section */

/* Begin PBXCopyFilesBuildPhase section */
		141001141CD298F200C01F60 /* CopyFiles */ = {
			isa = PBXCopyFilesBuildPhase;
			buildActionMask = 2147483647;
			dstPath = "";
			dstSubfolderSpec = 10;
			files = (
				14FE52411DA4182600A55BE4 /* DATAStack.framework in CopyFiles */,
			);
			runOnlyForDeploymentPostprocessing = 0;
		};
/* End PBXCopyFilesBuildPhase section */

/* Begin PBXFileReference section */
		140679671DBA1C4F00381990 /* NSString+SYNCInflections.h */ = {isa = PBXFileReference; fileEncoding = 4; lastKnownFileType = sourcecode.c.h; path = "NSString+SYNCInflections.h"; sourceTree = "<group>"; };
		140679681DBA1C4F00381990 /* NSString+SYNCInflections.m */ = {isa = PBXFileReference; fileEncoding = 4; lastKnownFileType = sourcecode.c.objc; path = "NSString+SYNCInflections.m"; sourceTree = "<group>"; };
		1406796B1DBA1C9B00381990 /* NSString_SYNCInflectionsTests.m */ = {isa = PBXFileReference; fileEncoding = 4; lastKnownFileType = sourcecode.c.objc; path = NSString_SYNCInflectionsTests.m; sourceTree = "<group>"; };
		1413931E1DBA19AC0027D53A /* NSManagedObject+SYNCPropertyMapper.h */ = {isa = PBXFileReference; fileEncoding = 4; lastKnownFileType = sourcecode.c.h; path = "NSManagedObject+SYNCPropertyMapper.h"; sourceTree = "<group>"; };
		1413931F1DBA19AC0027D53A /* NSManagedObject+SYNCPropertyMapper.m */ = {isa = PBXFileReference; fileEncoding = 4; lastKnownFileType = sourcecode.c.objc; path = "NSManagedObject+SYNCPropertyMapper.m"; sourceTree = "<group>"; };
		141393201DBA19AC0027D53A /* NSManagedObject+SYNCPropertyMapperHelpers.h */ = {isa = PBXFileReference; fileEncoding = 4; lastKnownFileType = sourcecode.c.h; path = "NSManagedObject+SYNCPropertyMapperHelpers.h"; sourceTree = "<group>"; };
		141393211DBA19AC0027D53A /* NSManagedObject+SYNCPropertyMapperHelpers.m */ = {isa = PBXFileReference; fileEncoding = 4; lastKnownFileType = sourcecode.c.objc; path = "NSManagedObject+SYNCPropertyMapperHelpers.m"; sourceTree = "<group>"; };
		141393251DBA19B60027D53A /* FillWithDictionaryTests.swift */ = {isa = PBXFileReference; fileEncoding = 4; lastKnownFileType = sourcecode.swift; path = FillWithDictionaryTests.swift; sourceTree = "<group>"; };
		141393261DBA19B60027D53A /* Helper.swift */ = {isa = PBXFileReference; fileEncoding = 4; lastKnownFileType = sourcecode.swift; path = Helper.swift; sourceTree = "<group>"; };
		141393271DBA19B60027D53A /* HelperTests.m */ = {isa = PBXFileReference; fileEncoding = 4; lastKnownFileType = sourcecode.c.objc; path = HelperTests.m; sourceTree = "<group>"; };
		141393281DBA19B60027D53A /* HYPDictionaryTests.m */ = {isa = PBXFileReference; fileEncoding = 4; lastKnownFileType = sourcecode.c.objc; path = HYPDictionaryTests.m; sourceTree = "<group>"; };
		141393291DBA19B60027D53A /* HYPFillWithDictionaryTests.m */ = {isa = PBXFileReference; fileEncoding = 4; lastKnownFileType = sourcecode.c.objc; path = HYPFillWithDictionaryTests.m; sourceTree = "<group>"; };
		1413932C1DBA19B60027D53A /* Model.xcdatamodel */ = {isa = PBXFileReference; lastKnownFileType = wrapper.xcdatamodel; path = Model.xcdatamodel; sourceTree = "<group>"; };
		141393301DBA19B60027D53A /* Model.xcdatamodel */ = {isa = PBXFileReference; lastKnownFileType = wrapper.xcdatamodel; path = Model.xcdatamodel; sourceTree = "<group>"; };
		141393321DBA19B60027D53A /* Ordered.xcdatamodel */ = {isa = PBXFileReference; lastKnownFileType = wrapper.xcdatamodel; path = Ordered.xcdatamodel; sourceTree = "<group>"; };
		141393341DBA19B60027D53A /* DateStringTransformer.h */ = {isa = PBXFileReference; fileEncoding = 4; lastKnownFileType = sourcecode.c.h; path = DateStringTransformer.h; sourceTree = "<group>"; };
		141393351DBA19B60027D53A /* DateStringTransformer.m */ = {isa = PBXFileReference; fileEncoding = 4; lastKnownFileType = sourcecode.c.objc; path = DateStringTransformer.m; sourceTree = "<group>"; };
		141393361DBA19B60027D53A /* HYPTestValueTransformer.h */ = {isa = PBXFileReference; fileEncoding = 4; lastKnownFileType = sourcecode.c.h; path = HYPTestValueTransformer.h; sourceTree = "<group>"; };
		141393371DBA19B60027D53A /* HYPTestValueTransformer.m */ = {isa = PBXFileReference; fileEncoding = 4; lastKnownFileType = sourcecode.c.objc; path = HYPTestValueTransformer.m; sourceTree = "<group>"; };
		141FFA841DBBE95500356E72 /* BadAPIValueTransformer.swift */ = {isa = PBXFileReference; fileEncoding = 4; lastKnownFileType = sourcecode.swift; path = BadAPIValueTransformer.swift; sourceTree = "<group>"; };
		141FFA871DBBE99B00356E72 /* hypbug.xcdatamodel */ = {isa = PBXFileReference; lastKnownFileType = wrapper.xcdatamodel; path = hypbug.xcdatamodel; sourceTree = "<group>"; };
		142C957D1DA4178F00F9F32F /* NSDate+SYNCPropertyMapper.h */ = {isa = PBXFileReference; fileEncoding = 4; lastKnownFileType = sourcecode.c.h; path = "NSDate+SYNCPropertyMapper.h"; sourceTree = "<group>"; };
		142C957E1DA4178F00F9F32F /* NSDate+SYNCPropertyMapper.m */ = {isa = PBXFileReference; fileEncoding = 4; lastKnownFileType = sourcecode.c.objc; path = "NSDate+SYNCPropertyMapper.m"; sourceTree = "<group>"; };
		142C95801DA4178F00F9F32F /* NSEntityDescription+SYNCPrimaryKey.h */ = {isa = PBXFileReference; fileEncoding = 4; lastKnownFileType = sourcecode.c.h; path = "NSEntityDescription+SYNCPrimaryKey.h"; sourceTree = "<group>"; };
		142C95811DA4178F00F9F32F /* NSEntityDescription+SYNCPrimaryKey.m */ = {isa = PBXFileReference; fileEncoding = 4; lastKnownFileType = sourcecode.c.objc; path = "NSEntityDescription+SYNCPrimaryKey.m"; sourceTree = "<group>"; };
		142C95901DA4179F00F9F32F /* BridgingHeader.h */ = {isa = PBXFileReference; fileEncoding = 4; lastKnownFileType = sourcecode.c.h; path = BridgingHeader.h; sourceTree = "<group>"; };
		142C95921DA4179F00F9F32F /* DateTests.swift */ = {isa = PBXFileReference; fileEncoding = 4; lastKnownFileType = sourcecode.swift; path = DateTests.swift; sourceTree = "<group>"; };
		142C95931DA4179F00F9F32F /* Info.plist */ = {isa = PBXFileReference; fileEncoding = 4; lastKnownFileType = text.plist.xml; path = Info.plist; sourceTree = "<group>"; };
		142C95971DA4179F00F9F32F /* Demo.xcdatamodel */ = {isa = PBXFileReference; lastKnownFileType = wrapper.xcdatamodel; path = Demo.xcdatamodel; sourceTree = "<group>"; };
		142C95981DA4179F00F9F32F /* PrimaryKeyTests.m */ = {isa = PBXFileReference; fileEncoding = 4; lastKnownFileType = sourcecode.c.objc; path = PrimaryKeyTests.m; sourceTree = "<group>"; };
		14441D121DBBE0770082F633 /* hypbug.xcdatamodel */ = {isa = PBXFileReference; lastKnownFileType = wrapper.xcdatamodel; path = hypbug.xcdatamodel; sourceTree = "<group>"; };
		146D72AC1AB782920058798C /* Tests.xctest */ = {isa = PBXFileReference; explicitFileType = wrapper.cfbundle; includeInIndex = 0; path = Tests.xctest; sourceTree = BUILT_PRODUCTS_DIR; };
		1476902C1DBA4E570050431C /* Model.xcdatamodel */ = {isa = PBXFileReference; lastKnownFileType = wrapper.xcdatamodel; path = Model.xcdatamodel; sourceTree = "<group>"; };
		147B193E1DBBF8DC00CAD9B7 /* SYNCPropertyMapper.h */ = {isa = PBXFileReference; lastKnownFileType = sourcecode.c.h; path = SYNCPropertyMapper.h; sourceTree = "<group>"; };
		14C0AF801BD6D4230009ECBE /* .travis.yml */ = {isa = PBXFileReference; lastKnownFileType = text; path = .travis.yml; sourceTree = "<group>"; };
		14C0AF811BD6D4230009ECBE /* CHANGELOG.md */ = {isa = PBXFileReference; lastKnownFileType = net.daringfireball.markdown; path = CHANGELOG.md; sourceTree = "<group>"; };
		14C0AF821BD6D4230009ECBE /* CONTRIBUTING.md */ = {isa = PBXFileReference; lastKnownFileType = net.daringfireball.markdown; path = CONTRIBUTING.md; sourceTree = "<group>"; };
		14C0AF831BD6D4230009ECBE /* README.md */ = {isa = PBXFileReference; lastKnownFileType = net.daringfireball.markdown; path = README.md; sourceTree = "<group>"; };
		14C47E0D1CD2AE5F004A48DF /* Info.plist */ = {isa = PBXFileReference; fileEncoding = 4; lastKnownFileType = text.plist.xml; path = Info.plist; sourceTree = "<group>"; };
		14F393951CC6512400616696 /* Package.swift */ = {isa = PBXFileReference; lastKnownFileType = sourcecode.swift; path = Package.swift; sourceTree = "<group>"; };
		14F393961CC6517E00616696 /* LICENSE.md */ = {isa = PBXFileReference; lastKnownFileType = net.daringfireball.markdown; path = LICENSE.md; sourceTree = "<group>"; };
		14FE523E1DA4182000A55BE4 /* DATAStack.framework */ = {isa = PBXFileReference; lastKnownFileType = wrapper.framework; name = DATAStack.framework; path = Carthage/Build/iOS/DATAStack.framework; sourceTree = "<group>"; };
		14FE52401DA4182600A55BE4 /* DATAStack.framework */ = {isa = PBXFileReference; lastKnownFileType = wrapper.framework; name = DATAStack.framework; path = Carthage/Build/iOS/DATAStack.framework; sourceTree = "<group>"; };
/* End PBXFileReference section */

/* Begin PBXFrameworksBuildPhase section */
		146D72A91AB782920058798C /* Frameworks */ = {
			isa = PBXFrameworksBuildPhase;
			buildActionMask = 2147483647;
			files = (
				14FE523F1DA4182000A55BE4 /* DATAStack.framework in Frameworks */,
			);
			runOnlyForDeploymentPostprocessing = 0;
		};
/* End PBXFrameworksBuildPhase section */

/* Begin PBXGroup section */
		140679661DBA1C4F00381990 /* NSString-SYNCInflections */ = {
			isa = PBXGroup;
			children = (
				140679671DBA1C4F00381990 /* NSString+SYNCInflections.h */,
				140679681DBA1C4F00381990 /* NSString+SYNCInflections.m */,
			);
			path = "NSString-SYNCInflections";
			sourceTree = "<group>";
		};
		1406796A1DBA1C9B00381990 /* NSString-SYNCInflections */ = {
			isa = PBXGroup;
			children = (
				1406796B1DBA1C9B00381990 /* NSString_SYNCInflectionsTests.m */,
			);
			path = "NSString-SYNCInflections";
			sourceTree = "<group>";
		};
		141001131CD298D800C01F60 /* Frameworks */ = {
			isa = PBXGroup;
			children = (
				14FE52401DA4182600A55BE4 /* DATAStack.framework */,
				14FE523E1DA4182000A55BE4 /* DATAStack.framework */,
			);
			name = Frameworks;
			sourceTree = "<group>";
		};
		1413931D1DBA19AC0027D53A /* SYNCPropertyMapper */ = {
			isa = PBXGroup;
			children = (
				1413931E1DBA19AC0027D53A /* NSManagedObject+SYNCPropertyMapper.h */,
				1413931F1DBA19AC0027D53A /* NSManagedObject+SYNCPropertyMapper.m */,
				141393201DBA19AC0027D53A /* NSManagedObject+SYNCPropertyMapperHelpers.h */,
				141393211DBA19AC0027D53A /* NSManagedObject+SYNCPropertyMapperHelpers.m */,
			);
			path = SYNCPropertyMapper;
			sourceTree = "<group>";
		};
		141393241DBA19B60027D53A /* SYNCPropertyMapper */ = {
			isa = PBXGroup;
			children = (
				141393251DBA19B60027D53A /* FillWithDictionaryTests.swift */,
				141393261DBA19B60027D53A /* Helper.swift */,
				141393271DBA19B60027D53A /* HelperTests.m */,
				141393281DBA19B60027D53A /* HYPDictionaryTests.m */,
				141393291DBA19B60027D53A /* HYPFillWithDictionaryTests.m */,
				1413932A1DBA19B60027D53A /* Models */,
				141393331DBA19B60027D53A /* Transformers */,
			);
			path = SYNCPropertyMapper;
			sourceTree = "<group>";
		};
		1413932A1DBA19B60027D53A /* Models */ = {
			isa = PBXGroup;
			children = (
				14441D111DBBE0770082F633 /* 112.xcdatamodeld */,
				1413932B1DBA19B60027D53A /* 121.xcdatamodeld */,
				1413932F1DBA19B60027D53A /* Model.xcdatamodeld */,
				141393311DBA19B60027D53A /* Ordered.xcdatamodeld */,
				1476902B1DBA4E570050431C /* 123.xcdatamodeld */,
				141FFA861DBBE99B00356E72 /* 129.xcdatamodeld */,
			);
			path = Models;
			sourceTree = "<group>";
		};
		141393331DBA19B60027D53A /* Transformers */ = {
			isa = PBXGroup;
			children = (
				141393341DBA19B60027D53A /* DateStringTransformer.h */,
				141393351DBA19B60027D53A /* DateStringTransformer.m */,
				141393361DBA19B60027D53A /* HYPTestValueTransformer.h */,
				141393371DBA19B60027D53A /* HYPTestValueTransformer.m */,
				141FFA841DBBE95500356E72 /* BadAPIValueTransformer.swift */,
			);
			path = Transformers;
			sourceTree = "<group>";
		};
		142C957C1DA4178F00F9F32F /* DateParser */ = {
			isa = PBXGroup;
			children = (
				142C957D1DA4178F00F9F32F /* NSDate+SYNCPropertyMapper.h */,
				142C957E1DA4178F00F9F32F /* NSDate+SYNCPropertyMapper.m */,
			);
			path = DateParser;
			sourceTree = "<group>";
		};
		142C957F1DA4178F00F9F32F /* NSEntityDescription-SYNCPrimaryKey */ = {
			isa = PBXGroup;
			children = (
				142C95801DA4178F00F9F32F /* NSEntityDescription+SYNCPrimaryKey.h */,
				142C95811DA4178F00F9F32F /* NSEntityDescription+SYNCPrimaryKey.m */,
			);
			path = "NSEntityDescription-SYNCPrimaryKey";
			sourceTree = "<group>";
		};
		142C95911DA4179F00F9F32F /* DateParser */ = {
			isa = PBXGroup;
			children = (
				142C95921DA4179F00F9F32F /* DateTests.swift */,
			);
			path = DateParser;
			sourceTree = "<group>";
		};
		142C95941DA4179F00F9F32F /* Models */ = {
			isa = PBXGroup;
			children = (
			);
			path = Models;
			sourceTree = "<group>";
		};
		142C95951DA4179F00F9F32F /* NSEntityDescription-SYNCPrimaryKey */ = {
			isa = PBXGroup;
			children = (
				142C95961DA4179F00F9F32F /* Pod.xcdatamodeld */,
				142C95981DA4179F00F9F32F /* PrimaryKeyTests.m */,
			);
			path = "NSEntityDescription-SYNCPrimaryKey";
			sourceTree = "<group>";
		};
		146D728A1AB782920058798C = {
			isa = PBXGroup;
			children = (
				14C136501AB7849300B7B07A /* Metadata */,
				14C31A8C1CD294C70056A33F /* Sources */,
				146D72AF1AB782920058798C /* Tests */,
				146D72941AB782920058798C /* Products */,
				141001131CD298D800C01F60 /* Frameworks */,
			);
			indentWidth = 4;
			sourceTree = "<group>";
			tabWidth = 4;
		};
		146D72941AB782920058798C /* Products */ = {
			isa = PBXGroup;
			children = (
				146D72AC1AB782920058798C /* Tests.xctest */,
			);
			name = Products;
			sourceTree = "<group>";
		};
		146D72AF1AB782920058798C /* Tests */ = {
			isa = PBXGroup;
			children = (
				1406796A1DBA1C9B00381990 /* NSString-SYNCInflections */,
				141393241DBA19B60027D53A /* SYNCPropertyMapper */,
				142C95901DA4179F00F9F32F /* BridgingHeader.h */,
				142C95911DA4179F00F9F32F /* DateParser */,
				142C95931DA4179F00F9F32F /* Info.plist */,
				142C95941DA4179F00F9F32F /* Models */,
				142C95951DA4179F00F9F32F /* NSEntityDescription-SYNCPrimaryKey */,
			);
			path = Tests;
			sourceTree = "<group>";
		};
		14C136501AB7849300B7B07A /* Metadata */ = {
			isa = PBXGroup;
			children = (
				14C47E0D1CD2AE5F004A48DF /* Info.plist */,
				14C0AF801BD6D4230009ECBE /* .travis.yml */,
				14C0AF811BD6D4230009ECBE /* CHANGELOG.md */,
				14C0AF821BD6D4230009ECBE /* CONTRIBUTING.md */,
				14F393961CC6517E00616696 /* LICENSE.md */,
				14F393951CC6512400616696 /* Package.swift */,
				14C0AF831BD6D4230009ECBE /* README.md */,
			);
			name = Metadata;
			sourceTree = "<group>";
		};
		14C31A8C1CD294C70056A33F /* Sources */ = {
			isa = PBXGroup;
			children = (
				147B193E1DBBF8DC00CAD9B7 /* SYNCPropertyMapper.h */,
				1413931D1DBA19AC0027D53A /* SYNCPropertyMapper */,
				140679661DBA1C4F00381990 /* NSString-SYNCInflections */,
				142C957C1DA4178F00F9F32F /* DateParser */,
				142C957F1DA4178F00F9F32F /* NSEntityDescription-SYNCPrimaryKey */,
			);
			path = Sources;
			sourceTree = "<group>";
		};
/* End PBXGroup section */

/* Begin PBXNativeTarget section */
		146D72AB1AB782920058798C /* Tests */ = {
			isa = PBXNativeTarget;
			buildConfigurationList = 146D72B91AB782920058798C /* Build configuration list for PBXNativeTarget "Tests" */;
			buildPhases = (
				146D72A81AB782920058798C /* Sources */,
				146D72A91AB782920058798C /* Frameworks */,
				146D72AA1AB782920058798C /* Resources */,
				141001141CD298F200C01F60 /* CopyFiles */,
			);
			buildRules = (
			);
			dependencies = (
			);
			name = Tests;
			productName = PodTests;
			productReference = 146D72AC1AB782920058798C /* Tests.xctest */;
			productType = "com.apple.product-type.bundle.unit-test";
		};
/* End PBXNativeTarget section */

/* Begin PBXProject section */
		146D728B1AB782920058798C /* Project object */ = {
			isa = PBXProject;
			attributes = {
				CLASSPREFIX = "";
				LastSwiftUpdateCheck = 0700;
				LastUpgradeCheck = 0800;
				ORGANIZATIONNAME = "";
				TargetAttributes = {
					146D72AB1AB782920058798C = {
						CreatedOnToolsVersion = 6.2;
						LastSwiftMigration = 0800;
						ProvisioningStyle = Manual;
					};
				};
			};
			buildConfigurationList = 146D728E1AB782920058798C /* Build configuration list for PBXProject "Demo" */;
			compatibilityVersion = "Xcode 3.2";
			developmentRegion = English;
			hasScannedForEncodings = 0;
			knownRegions = (
				en,
				Base,
			);
			mainGroup = 146D728A1AB782920058798C;
			productRefGroup = 146D72941AB782920058798C /* Products */;
			projectDirPath = "";
			projectRoot = "";
			targets = (
				146D72AB1AB782920058798C /* Tests */,
			);
		};
/* End PBXProject section */

/* Begin PBXResourcesBuildPhase section */
		146D72AA1AB782920058798C /* Resources */ = {
			isa = PBXResourcesBuildPhase;
			buildActionMask = 2147483647;
			files = (
			);
			runOnlyForDeploymentPostprocessing = 0;
		};
/* End PBXResourcesBuildPhase section */

/* Begin PBXSourcesBuildPhase section */
		146D72A81AB782920058798C /* Sources */ = {
			isa = PBXSourcesBuildPhase;
			buildActionMask = 2147483647;
			files = (
				141393391DBA19B60027D53A /* Helper.swift in Sources */,
				141393421DBA19B60027D53A /* HYPTestValueTransformer.m in Sources */,
				141FFA851DBBE95500356E72 /* BadAPIValueTransformer.swift in Sources */,
				1413933B1DBA19B60027D53A /* HYPDictionaryTests.m in Sources */,
				141393381DBA19B60027D53A /* FillWithDictionaryTests.swift in Sources */,
				1476902D1DBA4E570050431C /* 123.xcdatamodeld in Sources */,
				1413933D1DBA19B60027D53A /* 121.xcdatamodeld in Sources */,
				1413933C1DBA19B60027D53A /* HYPFillWithDictionaryTests.m in Sources */,
				141393221DBA19AC0027D53A /* NSManagedObject+SYNCPropertyMapper.m in Sources */,
				142C958C1DA4178F00F9F32F /* NSEntityDescription+SYNCPrimaryKey.m in Sources */,
				1413933F1DBA19B60027D53A /* Model.xcdatamodeld in Sources */,
				142C95B11DA4179F00F9F32F /* Pod.xcdatamodeld in Sources */,
				140679691DBA1C4F00381990 /* NSString+SYNCInflections.m in Sources */,
				141393411DBA19B60027D53A /* DateStringTransformer.m in Sources */,
				142C95AF1DA4179F00F9F32F /* DateTests.swift in Sources */,
				1413933A1DBA19B60027D53A /* HelperTests.m in Sources */,
				1406796C1DBA1C9B00381990 /* NSString_SYNCInflectionsTests.m in Sources */,
				14441D131DBBE0770082F633 /* 112.xcdatamodeld in Sources */,
				142C95B21DA4179F00F9F32F /* PrimaryKeyTests.m in Sources */,
				141393231DBA19AC0027D53A /* NSManagedObject+SYNCPropertyMapperHelpers.m in Sources */,
				141FFA881DBBE99B00356E72 /* 129.xcdatamodeld in Sources */,
				142C958B1DA4178F00F9F32F /* NSDate+SYNCPropertyMapper.m in Sources */,
				141393401DBA19B60027D53A /* Ordered.xcdatamodeld in Sources */,
			);
			runOnlyForDeploymentPostprocessing = 0;
		};
/* End PBXSourcesBuildPhase section */

/* Begin XCBuildConfiguration section */
		146D72B41AB782920058798C /* Debug */ = {
			isa = XCBuildConfiguration;
			buildSettings = {
				ALWAYS_SEARCH_USER_PATHS = NO;
				CLANG_CXX_LANGUAGE_STANDARD = "gnu++0x";
				CLANG_CXX_LIBRARY = "libc++";
				CLANG_ENABLE_MODULES = YES;
				CLANG_ENABLE_OBJC_ARC = YES;
				CLANG_WARN_BOOL_CONVERSION = YES;
				CLANG_WARN_CONSTANT_CONVERSION = YES;
				CLANG_WARN_DIRECT_OBJC_ISA_USAGE = YES_ERROR;
				CLANG_WARN_EMPTY_BODY = YES;
				CLANG_WARN_ENUM_CONVERSION = YES;
				CLANG_WARN_INFINITE_RECURSION = YES;
				CLANG_WARN_INT_CONVERSION = YES;
				CLANG_WARN_OBJC_ROOT_CLASS = YES_ERROR;
				CLANG_WARN_SUSPICIOUS_MOVE = YES;
				CLANG_WARN_UNREACHABLE_CODE = YES;
				CLANG_WARN__DUPLICATE_METHOD_MATCH = YES;
				"CODE_SIGN_IDENTITY[sdk=iphoneos*]" = "iPhone Developer";
				COPY_PHASE_STRIP = NO;
				ENABLE_STRICT_OBJC_MSGSEND = YES;
				ENABLE_TESTABILITY = YES;
				GCC_C_LANGUAGE_STANDARD = gnu99;
				GCC_DYNAMIC_NO_PIC = NO;
				GCC_NO_COMMON_BLOCKS = YES;
				GCC_OPTIMIZATION_LEVEL = 0;
				GCC_PREPROCESSOR_DEFINITIONS = (
					"DEBUG=1",
					"$(inherited)",
				);
				GCC_SYMBOLS_PRIVATE_EXTERN = NO;
				GCC_WARN_64_TO_32_BIT_CONVERSION = YES;
				GCC_WARN_ABOUT_RETURN_TYPE = YES_ERROR;
				GCC_WARN_UNDECLARED_SELECTOR = YES;
				GCC_WARN_UNINITIALIZED_AUTOS = YES_AGGRESSIVE;
				GCC_WARN_UNUSED_FUNCTION = YES;
				GCC_WARN_UNUSED_VARIABLE = YES;
				IPHONEOS_DEPLOYMENT_TARGET = 8.0;
				MTL_ENABLE_DEBUG_INFO = YES;
				ONLY_ACTIVE_ARCH = YES;
				SDKROOT = iphoneos;
			};
			name = Debug;
		};
		146D72B51AB782920058798C /* Release */ = {
			isa = XCBuildConfiguration;
			buildSettings = {
				ALWAYS_SEARCH_USER_PATHS = NO;
				CLANG_CXX_LANGUAGE_STANDARD = "gnu++0x";
				CLANG_CXX_LIBRARY = "libc++";
				CLANG_ENABLE_MODULES = YES;
				CLANG_ENABLE_OBJC_ARC = YES;
				CLANG_WARN_BOOL_CONVERSION = YES;
				CLANG_WARN_CONSTANT_CONVERSION = YES;
				CLANG_WARN_DIRECT_OBJC_ISA_USAGE = YES_ERROR;
				CLANG_WARN_EMPTY_BODY = YES;
				CLANG_WARN_ENUM_CONVERSION = YES;
				CLANG_WARN_INFINITE_RECURSION = YES;
				CLANG_WARN_INT_CONVERSION = YES;
				CLANG_WARN_OBJC_ROOT_CLASS = YES_ERROR;
				CLANG_WARN_SUSPICIOUS_MOVE = YES;
				CLANG_WARN_UNREACHABLE_CODE = YES;
				CLANG_WARN__DUPLICATE_METHOD_MATCH = YES;
				"CODE_SIGN_IDENTITY[sdk=iphoneos*]" = "iPhone Developer";
				COPY_PHASE_STRIP = NO;
				ENABLE_NS_ASSERTIONS = NO;
				ENABLE_STRICT_OBJC_MSGSEND = YES;
				GCC_C_LANGUAGE_STANDARD = gnu99;
				GCC_NO_COMMON_BLOCKS = YES;
				GCC_WARN_64_TO_32_BIT_CONVERSION = YES;
				GCC_WARN_ABOUT_RETURN_TYPE = YES_ERROR;
				GCC_WARN_UNDECLARED_SELECTOR = YES;
				GCC_WARN_UNINITIALIZED_AUTOS = YES_AGGRESSIVE;
				GCC_WARN_UNUSED_FUNCTION = YES;
				GCC_WARN_UNUSED_VARIABLE = YES;
				IPHONEOS_DEPLOYMENT_TARGET = 8.0;
				MTL_ENABLE_DEBUG_INFO = NO;
				SDKROOT = iphoneos;
				SWIFT_OPTIMIZATION_LEVEL = "-Owholemodule";
				VALIDATE_PRODUCT = YES;
			};
			name = Release;
		};
		146D72BA1AB782920058798C /* Debug */ = {
			isa = XCBuildConfiguration;
			buildSettings = {
				CLANG_ENABLE_MODULES = YES;
				"CODE_SIGN_IDENTITY[sdk=iphoneos*]" = "iPhone Developer";
				DEVELOPMENT_TEAM = "";
				FRAMEWORK_SEARCH_PATHS = "$(PROJECT_DIR)/Carthage/Build/iOS";
				GCC_PREPROCESSOR_DEFINITIONS = (
					"DEBUG=1",
					"$(inherited)",
				);
				INFOPLIST_FILE = Tests/Info.plist;
				LD_RUNPATH_SEARCH_PATHS = "$(inherited) @executable_path/Frameworks @loader_path/Frameworks";
				PRODUCT_BUNDLE_IDENTIFIER = "com.sample.$(PRODUCT_NAME:rfc1034identifier)";
				PRODUCT_NAME = "$(TARGET_NAME)";
				SWIFT_OBJC_BRIDGING_HEADER = Tests/BridgingHeader.h;
				SWIFT_OPTIMIZATION_LEVEL = "-Onone";
				SWIFT_VERSION = 3.0;
			};
			name = Debug;
		};
		146D72BB1AB782920058798C /* Release */ = {
			isa = XCBuildConfiguration;
			buildSettings = {
				CLANG_ENABLE_MODULES = YES;
				"CODE_SIGN_IDENTITY[sdk=iphoneos*]" = "iPhone Developer";
				DEVELOPMENT_TEAM = "";
				FRAMEWORK_SEARCH_PATHS = "$(PROJECT_DIR)/Carthage/Build/iOS";
				INFOPLIST_FILE = Tests/Info.plist;
				LD_RUNPATH_SEARCH_PATHS = "$(inherited) @executable_path/Frameworks @loader_path/Frameworks";
				PRODUCT_BUNDLE_IDENTIFIER = "com.sample.$(PRODUCT_NAME:rfc1034identifier)";
				PRODUCT_NAME = "$(TARGET_NAME)";
				SWIFT_OBJC_BRIDGING_HEADER = Tests/BridgingHeader.h;
				SWIFT_VERSION = 3.0;
			};
			name = Release;
		};
/* End XCBuildConfiguration section */

/* Begin XCConfigurationList section */
		146D728E1AB782920058798C /* Build configuration list for PBXProject "Demo" */ = {
			isa = XCConfigurationList;
			buildConfigurations = (
				146D72B41AB782920058798C /* Debug */,
				146D72B51AB782920058798C /* Release */,
			);
			defaultConfigurationIsVisible = 0;
			defaultConfigurationName = Release;
		};
		146D72B91AB782920058798C /* Build configuration list for PBXNativeTarget "Tests" */ = {
			isa = XCConfigurationList;
			buildConfigurations = (
				146D72BA1AB782920058798C /* Debug */,
				146D72BB1AB782920058798C /* Release */,
			);
			defaultConfigurationIsVisible = 0;
			defaultConfigurationName = Release;
		};
/* End XCConfigurationList section */

/* Begin XCVersionGroup section */
		1413932B1DBA19B60027D53A /* 121.xcdatamodeld */ = {
			isa = XCVersionGroup;
			children = (
				1413932C1DBA19B60027D53A /* Model.xcdatamodel */,
			);
			currentVersion = 1413932C1DBA19B60027D53A /* Model.xcdatamodel */;
			path = 121.xcdatamodeld;
			sourceTree = "<group>";
			versionGroupType = wrapper.xcdatamodel;
		};
		1413932F1DBA19B60027D53A /* Model.xcdatamodeld */ = {
			isa = XCVersionGroup;
			children = (
				141393301DBA19B60027D53A /* Model.xcdatamodel */,
			);
			currentVersion = 141393301DBA19B60027D53A /* Model.xcdatamodel */;
			path = Model.xcdatamodeld;
			sourceTree = "<group>";
			versionGroupType = wrapper.xcdatamodel;
		};
		141393311DBA19B60027D53A /* Ordered.xcdatamodeld */ = {
			isa = XCVersionGroup;
			children = (
				141393321DBA19B60027D53A /* Ordered.xcdatamodel */,
			);
			currentVersion = 141393321DBA19B60027D53A /* Ordered.xcdatamodel */;
			path = Ordered.xcdatamodeld;
			sourceTree = "<group>";
			versionGroupType = wrapper.xcdatamodel;
		};
		141FFA861DBBE99B00356E72 /* 129.xcdatamodeld */ = {
			isa = XCVersionGroup;
			children = (
				141FFA871DBBE99B00356E72 /* hypbug.xcdatamodel */,
			);
			currentVersion = 141FFA871DBBE99B00356E72 /* hypbug.xcdatamodel */;
			path = 129.xcdatamodeld;
			sourceTree = "<group>";
			versionGroupType = wrapper.xcdatamodel;
		};
		142C95961DA4179F00F9F32F /* Pod.xcdatamodeld */ = {
			isa = XCVersionGroup;
			children = (
				142C95971DA4179F00F9F32F /* Demo.xcdatamodel */,
			);
			currentVersion = 142C95971DA4179F00F9F32F /* Demo.xcdatamodel */;
			path = Pod.xcdatamodeld;
			sourceTree = "<group>";
			versionGroupType = wrapper.xcdatamodel;
		};
		14441D111DBBE0770082F633 /* 112.xcdatamodeld */ = {
			isa = XCVersionGroup;
			children = (
				14441D121DBBE0770082F633 /* hypbug.xcdatamodel */,
			);
			currentVersion = 14441D121DBBE0770082F633 /* hypbug.xcdatamodel */;
			path = 112.xcdatamodeld;
			sourceTree = "<group>";
			versionGroupType = wrapper.xcdatamodel;
		};
		1476902B1DBA4E570050431C /* 123.xcdatamodeld */ = {
			isa = XCVersionGroup;
			children = (
				1476902C1DBA4E570050431C /* Model.xcdatamodel */,
			);
			currentVersion = 1476902C1DBA4E570050431C /* Model.xcdatamodel */;
			path = 123.xcdatamodeld;
			sourceTree = "<group>";
			versionGroupType = wrapper.xcdatamodel;
		};
/* End XCVersionGroup section */
	};
	rootObject = 146D728B1AB782920058798C /* Project object */;
}
